
Microsoft Visual Studio Solution File, Format Version 12.00
# Visual Studio Version 17
VisualStudioVersion = 17.14.35806.103
MinimumVisualStudioVersion = 10.0.40219.1
Project("{FAE04EC0-301F-11D3-BF4B-00C04F79EFBC}") = "SecretMgtDevAndProdConsApp", "SecretMgtDevAndProdConsApp\SecretMgtDevAndProdConsApp.csproj", "{B275EE8F-CAB0-EE60-8E68-610AC2C3E979}"
EndProject
Project("{FAE04EC0-301F-11D3-BF4B-00C04F79EFBC}") = "EntraKeyVaultPocWpfApp", "EntraKeyVaultPocWpfApp\EntraKeyVaultPocWpfApp.csproj", "{94B97C07-4CEB-416A-8EEC-A37EE4C155FE}"
EndProject
Project("{FAE04EC0-301F-11D3-BF4B-00C04F79EFBC}") = "Fetching Secrets From Key Vault In .NET Console App", "Fetching Secrets From Key Vault In .NET Console App\Fetching Secrets From Key Vault In .NET Console App.csproj", "{4588EAB1-6EF8-4B5D-90FE-2AC990121999}"
EndProject
Global
	GlobalSection(SolutionConfigurationPlatforms) = preSolution
		Debug|Any CPU = Debug|Any CPU
		Debug|x64 = Debug|x64
		Release|Any CPU = Release|Any CPU
		Release|x64 = Release|x64
	EndGlobalSection
	GlobalSection(ProjectConfigurationPlatforms) = postSolution
		{B275EE8F-CAB0-EE60-8E68-610AC2C3E979}.Debug|Any CPU.ActiveCfg = Debug|Any CPU
		{B275EE8F-CAB0-EE60-8E68-610AC2C3E979}.Debug|Any CPU.Build.0 = Debug|Any CPU
		{B275EE8F-CAB0-EE60-8E68-610AC2C3E979}.Debug|x64.ActiveCfg = Debug|x64
		{B275EE8F-CAB0-EE60-8E68-610AC2C3E979}.Debug|x64.Build.0 = Debug|x64
		{B275EE8F-CAB0-EE60-8E68-610AC2C3E979}.Release|Any CPU.ActiveCfg = Release|Any CPU
		{B275EE8F-CAB0-EE60-8E68-610AC2C3E979}.Release|Any CPU.Build.0 = Release|Any CPU
		{B275EE8F-CAB0-EE60-8E68-610AC2C3E979}.Release|x64.ActiveCfg = Release|x64
		{B275EE8F-CAB0-EE60-8E68-610AC2C3E979}.Release|x64.Build.0 = Release|x64
		{94B97C07-4CEB-416A-8EEC-A37EE4C155FE}.Debug|Any CPU.ActiveCfg = Debug|Any CPU
		{94B97C07-4CEB-416A-8EEC-A37EE4C155FE}.Debug|Any CPU.Build.0 = Debug|Any CPU
		{94B97C07-4CEB-416A-8EEC-A37EE4C155FE}.Debug|x64.ActiveCfg = Debug|Any CPU
		{94B97C07-4CEB-416A-8EEC-A37EE4C155FE}.Debug|x64.Build.0 = Debug|Any CPU
		{94B97C07-4CEB-416A-8EEC-A37EE4C155FE}.Release|Any CPU.ActiveCfg = Release|Any CPU
		{94B97C07-4CEB-416A-8EEC-A37EE4C155FE}.Release|Any CPU.Build.0 = Release|Any CPU
		{94B97C07-4CEB-416A-8EEC-A37EE4C155FE}.Release|x64.ActiveCfg = Release|Any CPU
		{94B97C07-4CEB-416A-8EEC-A37EE4C155FE}.Release|x64.Build.0 = Release|Any CPU
		{4588EAB1-6EF8-4B5D-90FE-2AC990121999}.Debug|Any CPU.ActiveCfg = Debug|Any CPU
		{4588EAB1-6EF8-4B5D-90FE-2AC990121999}.Debug|Any CPU.Build.0 = Debug|Any CPU
		{4588EAB1-6EF8-4B5D-90FE-2AC990121999}.Debug|x64.ActiveCfg = Debug|Any CPU
		{4588EAB1-6EF8-4B5D-90FE-2AC990121999}.Debug|x64.Build.0 = Debug|Any CPU
		{4588EAB1-6EF8-4B5D-90FE-2AC990121999}.Release|Any CPU.ActiveCfg = Release|Any CPU
		{4588EAB1-6EF8-4B5D-90FE-2AC990121999}.Release|Any CPU.Build.0 = Release|Any CPU
		{4588EAB1-6EF8-4B5D-90FE-2AC990121999}.Release|x64.ActiveCfg = Release|Any CPU
		{4588EAB1-6EF8-4B5D-90FE-2AC990121999}.Release|x64.Build.0 = Release|Any CPU
	EndGlobalSection
	GlobalSection(SolutionProperties) = preSolution
		HideSolutionNode = FALSE
	EndGlobalSection
	GlobalSection(ExtensibilityGlobals) = postSolution
		SolutionGuid = {7B976C2C-BF04-4B71-B15B-90A8875E1C2D}
	EndGlobalSection
EndGlobal
