
Microsoft Visual Studio Solution File, Format Version 12.00
# Visual Studio Version 17
VisualStudioVersion = 17.6.33815.320
MinimumVisualStudioVersion = 10.0.40219.1
Project("{9A19103F-16F7-4668-BE54-9A1E7A4F7556}") = "ScreenUnionPOC", "ScreenUnionPOC.csproj", "{B3DFE3FA-5ADD-42E1-BD42-4AAC3727D469}"
EndProject
Global
	GlobalSection(SolutionConfigurationPlatforms) = preSolution
		Debug|Any CPU = Debug|Any CPU
		Release|Any CPU = Release|Any CPU
	EndGlobalSection
	GlobalSection(ProjectConfigurationPlatforms) = postSolution
		{B3DFE3FA-5ADD-42E1-BD42-4AAC3727D469}.Debug|Any CPU.ActiveCfg = Debug|Any CPU
		{B3DFE3FA-5ADD-42E1-BD42-4AAC3727D469}.Debug|Any CPU.Build.0 = Debug|Any CPU
		{B3DFE3FA-5ADD-42E1-BD42-4AAC3727D469}.Release|Any CPU.ActiveCfg = Release|Any CPU
		{B3DFE3FA-5ADD-42E1-BD42-4AAC3727D469}.Release|Any CPU.Build.0 = Release|Any CPU
	EndGlobalSection
	GlobalSection(SolutionProperties) = preSolution
		HideSolutionNode = FALSE
	EndGlobalSection
	GlobalSection(ExtensibilityGlobals) = postSolution
		SolutionGuid = {F611FE1F-D1FC-4995-97E5-F3F868F64DDB}
	EndGlobalSection
EndGlobal
