
Microsoft Visual Studio Solution File, Format Version 11.00
# Visual Studio 2010
Project("{FAE04EC0-301F-11D3-BF4B-00C04F79EFBC}") = "AggregateScheduledWebCacheRefill", "..\AggregateScheduledWebCacheRefill\AggregateScheduledWebCacheRefill.csproj", "{9935D6AC-3EC7-4BA8-80AD-26ED1A83F050}"
EndProject
Project("{FAE04EC0-301F-11D3-BF4B-00C04F79EFBC}") = "GasPriceLoggingSimple", "..\GasPriceLoggingSimple\GasPriceLoggingSimple.csproj", "{9310A7F9-7EA0-4A79-8942-F4CDEEC836AB}"
EndProject
Project("{FAE04EC0-301F-11D3-BF4B-00C04F79EFBC}") = "RadarPicCollect", "..\..\Radar\RadarPicCollect\RadarPicCollect.csproj", "{61A2DBC2-53FD-4AD7-93E2-697A42B2C485}"
EndProject
Project("{FAE04EC0-301F-11D3-BF4B-00C04F79EFBC}") = "SiteData", "..\SiteData\SiteData.csproj", "{52AE2B3E-98F8-44F3-BD7B-5F5E5161F475}"
EndProject
Project("{FAE04EC0-301F-11D3-BF4B-00C04F79EFBC}") = "SqlConnectivity", "..\..\..\Lib\DB\SqlConnectivity\SqlConnectivity.csproj", "{2F7C18F7-3612-4560-8795-2D6E20A12301}"
EndProject
Project("{FAE04EC0-301F-11D3-BF4B-00C04F79EFBC}") = "WebScrap", "..\WebScrap\WebScrap.csproj", "{80C1EDC5-ECC1-4178-8A83-DFB40D766AB4}"
EndProject
Project("{FAE04EC0-301F-11D3-BF4B-00C04F79EFBC}") = "WebScrapEnvironmentCanada", "..\WebScrapEnvironmentCanada\WebScrapEnvironmentCanada.csproj", "{DCCCDAB2-3A37-4EF0-B129-39903C85E001}"
EndProject
Project("{FAE04EC0-301F-11D3-BF4B-00C04F79EFBC}") = "WebScrapTheWeatherNetworkHourly", "..\WebScrapTheWeatherNetworkHourly\WebScrapTheWeatherNetworkHourly.csproj", "{4815ADDB-FE94-41FD-B14D-D90598FB1C9D}"
EndProject
Project("{FAE04EC0-301F-11D3-BF4B-00C04F79EFBC}") = "WebScrapTomorrowGasPriceToday", "..\WebScrapTomorrowGasPriceToday\WebScrapTomorrowGasPriceToday.csproj", "{05870AC5-192E-4EDF-868A-4F0F6C6AE12E}"
EndProject
Project("{FAE04EC0-301F-11D3-BF4B-00C04F79EFBC}") = "WebScrapWindForecast", "..\WebScrapWindForecast\WebScrapWindForecast.csproj", "{CE7DE67A-641E-4745-BD92-F0A4CC81477A}"
EndProject
Project("{FAE04EC0-301F-11D3-BF4B-00C04F79EFBC}") = "WebScrapWindGuru", "..\WebScrapWindGuru\WebScrapWindGuru.csproj", "{657E2EE2-ED7A-4CBA-80A3-CCC1C1D18C63}"
EndProject
Project("{FAE04EC0-301F-11D3-BF4B-00C04F79EFBC}") = "WebScrapWindIWindsurf", "..\WebScrapWindIWindsurf\WebScrapWindIWindsurf.csproj", "{209843A8-5F85-4227-9B13-C3660B246B99}"
EndProject
Project("{FAE04EC0-301F-11D3-BF4B-00C04F79EFBC}") = "WebScrapMssgRaceRegistration", "..\WebScrapMssgRaceRegistration\WebScrapMssgRaceRegistration.csproj", "{CEFE235F-D88A-48B0-9173-F7D437F93A64}"
EndProject
Project("{FAE04EC0-301F-11D3-BF4B-00C04F79EFBC}") = "MiscRefCode", "MiscRefCode\MiscRefCode.csproj", "{58A293AC-079F-414E-9CE6-93F39068214C}"
EndProject
Project("{FAE04EC0-301F-11D3-BF4B-00C04F79EFBC}") = "DAL", "..\..\..\Lib\DB\DAL\DAL.csproj", "{80E81CC7-2A8C-4E3E-A138-7ECB2412AC3B}"
EndProject
Global
	GlobalSection(SolutionConfigurationPlatforms) = preSolution
		Debug|Any CPU = Debug|Any CPU
		Debug|x64 = Debug|x64
		Debug|x86 = Debug|x86
		Release|Any CPU = Release|Any CPU
		Release|x64 = Release|x64
		Release|x86 = Release|x86
		Release64|Any CPU = Release64|Any CPU
		Release64|x64 = Release64|x64
		Release64|x86 = Release64|x86
	EndGlobalSection
	GlobalSection(ProjectConfigurationPlatforms) = postSolution
		{9935D6AC-3EC7-4BA8-80AD-26ED1A83F050}.Debug|Any CPU.ActiveCfg = Debug|Any CPU
		{9935D6AC-3EC7-4BA8-80AD-26ED1A83F050}.Debug|Any CPU.Build.0 = Debug|Any CPU
		{9935D6AC-3EC7-4BA8-80AD-26ED1A83F050}.Debug|x64.ActiveCfg = Debug|Any CPU
		{9935D6AC-3EC7-4BA8-80AD-26ED1A83F050}.Debug|x86.ActiveCfg = Debug|x86
		{9935D6AC-3EC7-4BA8-80AD-26ED1A83F050}.Debug|x86.Build.0 = Debug|x86
		{9935D6AC-3EC7-4BA8-80AD-26ED1A83F050}.Release|Any CPU.ActiveCfg = Release|Any CPU
		{9935D6AC-3EC7-4BA8-80AD-26ED1A83F050}.Release|Any CPU.Build.0 = Release|Any CPU
		{9935D6AC-3EC7-4BA8-80AD-26ED1A83F050}.Release|x64.ActiveCfg = Release|Any CPU
		{9935D6AC-3EC7-4BA8-80AD-26ED1A83F050}.Release|x86.ActiveCfg = Release|x86
		{9935D6AC-3EC7-4BA8-80AD-26ED1A83F050}.Release|x86.Build.0 = Release|x86
		{9935D6AC-3EC7-4BA8-80AD-26ED1A83F050}.Release64|Any CPU.ActiveCfg = Release|Any CPU
		{9935D6AC-3EC7-4BA8-80AD-26ED1A83F050}.Release64|Any CPU.Build.0 = Release|Any CPU
		{9935D6AC-3EC7-4BA8-80AD-26ED1A83F050}.Release64|x64.ActiveCfg = Release|Any CPU
		{9935D6AC-3EC7-4BA8-80AD-26ED1A83F050}.Release64|x86.ActiveCfg = Release|Any CPU
		{9310A7F9-7EA0-4A79-8942-F4CDEEC836AB}.Debug|Any CPU.ActiveCfg = Debug|Any CPU
		{9310A7F9-7EA0-4A79-8942-F4CDEEC836AB}.Debug|Any CPU.Build.0 = Debug|Any CPU
		{9310A7F9-7EA0-4A79-8942-F4CDEEC836AB}.Debug|x64.ActiveCfg = Debug|Any CPU
		{9310A7F9-7EA0-4A79-8942-F4CDEEC836AB}.Debug|x86.ActiveCfg = Debug|x86
		{9310A7F9-7EA0-4A79-8942-F4CDEEC836AB}.Debug|x86.Build.0 = Debug|x86
		{9310A7F9-7EA0-4A79-8942-F4CDEEC836AB}.Release|Any CPU.ActiveCfg = Release|Any CPU
		{9310A7F9-7EA0-4A79-8942-F4CDEEC836AB}.Release|Any CPU.Build.0 = Release|Any CPU
		{9310A7F9-7EA0-4A79-8942-F4CDEEC836AB}.Release|x64.ActiveCfg = Release|Any CPU
		{9310A7F9-7EA0-4A79-8942-F4CDEEC836AB}.Release|x86.ActiveCfg = Release|x86
		{9310A7F9-7EA0-4A79-8942-F4CDEEC836AB}.Release|x86.Build.0 = Release|x86
		{9310A7F9-7EA0-4A79-8942-F4CDEEC836AB}.Release64|Any CPU.ActiveCfg = Release|Any CPU
		{9310A7F9-7EA0-4A79-8942-F4CDEEC836AB}.Release64|Any CPU.Build.0 = Release|Any CPU
		{9310A7F9-7EA0-4A79-8942-F4CDEEC836AB}.Release64|x64.ActiveCfg = Release|Any CPU
		{9310A7F9-7EA0-4A79-8942-F4CDEEC836AB}.Release64|x86.ActiveCfg = Release|Any CPU
		{61A2DBC2-53FD-4AD7-93E2-697A42B2C485}.Debug|Any CPU.ActiveCfg = Debug|Any CPU
		{61A2DBC2-53FD-4AD7-93E2-697A42B2C485}.Debug|Any CPU.Build.0 = Debug|Any CPU
		{61A2DBC2-53FD-4AD7-93E2-697A42B2C485}.Debug|x64.ActiveCfg = Debug|Any CPU
		{61A2DBC2-53FD-4AD7-93E2-697A42B2C485}.Debug|x86.ActiveCfg = Debug|x86
		{61A2DBC2-53FD-4AD7-93E2-697A42B2C485}.Debug|x86.Build.0 = Debug|x86
		{61A2DBC2-53FD-4AD7-93E2-697A42B2C485}.Release|Any CPU.ActiveCfg = Release|Any CPU
		{61A2DBC2-53FD-4AD7-93E2-697A42B2C485}.Release|Any CPU.Build.0 = Release|Any CPU
		{61A2DBC2-53FD-4AD7-93E2-697A42B2C485}.Release|x64.ActiveCfg = Release|Any CPU
		{61A2DBC2-53FD-4AD7-93E2-697A42B2C485}.Release|x86.ActiveCfg = Release|x86
		{61A2DBC2-53FD-4AD7-93E2-697A42B2C485}.Release|x86.Build.0 = Release|x86
		{61A2DBC2-53FD-4AD7-93E2-697A42B2C485}.Release64|Any CPU.ActiveCfg = Release|Any CPU
		{61A2DBC2-53FD-4AD7-93E2-697A42B2C485}.Release64|Any CPU.Build.0 = Release|Any CPU
		{61A2DBC2-53FD-4AD7-93E2-697A42B2C485}.Release64|x64.ActiveCfg = Release|Any CPU
		{61A2DBC2-53FD-4AD7-93E2-697A42B2C485}.Release64|x86.ActiveCfg = Release|Any CPU
		{52AE2B3E-98F8-44F3-BD7B-5F5E5161F475}.Debug|Any CPU.ActiveCfg = Debug|Any CPU
		{52AE2B3E-98F8-44F3-BD7B-5F5E5161F475}.Debug|Any CPU.Build.0 = Debug|Any CPU
		{52AE2B3E-98F8-44F3-BD7B-5F5E5161F475}.Debug|x64.ActiveCfg = Debug|Any CPU
		{52AE2B3E-98F8-44F3-BD7B-5F5E5161F475}.Debug|x86.ActiveCfg = Debug|x86
		{52AE2B3E-98F8-44F3-BD7B-5F5E5161F475}.Debug|x86.Build.0 = Debug|x86
		{52AE2B3E-98F8-44F3-BD7B-5F5E5161F475}.Release|Any CPU.ActiveCfg = Release|Any CPU
		{52AE2B3E-98F8-44F3-BD7B-5F5E5161F475}.Release|Any CPU.Build.0 = Release|Any CPU
		{52AE2B3E-98F8-44F3-BD7B-5F5E5161F475}.Release|x64.ActiveCfg = Release|Any CPU
		{52AE2B3E-98F8-44F3-BD7B-5F5E5161F475}.Release|x86.ActiveCfg = Release|x86
		{52AE2B3E-98F8-44F3-BD7B-5F5E5161F475}.Release|x86.Build.0 = Release|x86
		{52AE2B3E-98F8-44F3-BD7B-5F5E5161F475}.Release64|Any CPU.ActiveCfg = Release|Any CPU
		{52AE2B3E-98F8-44F3-BD7B-5F5E5161F475}.Release64|Any CPU.Build.0 = Release|Any CPU
		{52AE2B3E-98F8-44F3-BD7B-5F5E5161F475}.Release64|x64.ActiveCfg = Release|Any CPU
		{52AE2B3E-98F8-44F3-BD7B-5F5E5161F475}.Release64|x86.ActiveCfg = Release|Any CPU
		{2F7C18F7-3612-4560-8795-2D6E20A12301}.Debug|Any CPU.ActiveCfg = Debug|Any CPU
		{2F7C18F7-3612-4560-8795-2D6E20A12301}.Debug|Any CPU.Build.0 = Debug|Any CPU
		{2F7C18F7-3612-4560-8795-2D6E20A12301}.Debug|x64.ActiveCfg = Debug|x64
		{2F7C18F7-3612-4560-8795-2D6E20A12301}.Debug|x64.Build.0 = Debug|x64
		{2F7C18F7-3612-4560-8795-2D6E20A12301}.Debug|x86.ActiveCfg = Debug|x86
		{2F7C18F7-3612-4560-8795-2D6E20A12301}.Debug|x86.Build.0 = Debug|x86
		{2F7C18F7-3612-4560-8795-2D6E20A12301}.Release|Any CPU.ActiveCfg = Release|Any CPU
		{2F7C18F7-3612-4560-8795-2D6E20A12301}.Release|Any CPU.Build.0 = Release|Any CPU
		{2F7C18F7-3612-4560-8795-2D6E20A12301}.Release|x64.ActiveCfg = Release|x64
		{2F7C18F7-3612-4560-8795-2D6E20A12301}.Release|x64.Build.0 = Release|x64
		{2F7C18F7-3612-4560-8795-2D6E20A12301}.Release|x86.ActiveCfg = Release|x86
		{2F7C18F7-3612-4560-8795-2D6E20A12301}.Release|x86.Build.0 = Release|x86
		{2F7C18F7-3612-4560-8795-2D6E20A12301}.Release64|Any CPU.ActiveCfg = Release64|Any CPU
		{2F7C18F7-3612-4560-8795-2D6E20A12301}.Release64|Any CPU.Build.0 = Release64|Any CPU
		{2F7C18F7-3612-4560-8795-2D6E20A12301}.Release64|x64.ActiveCfg = Release64|x64
		{2F7C18F7-3612-4560-8795-2D6E20A12301}.Release64|x64.Build.0 = Release64|x64
		{2F7C18F7-3612-4560-8795-2D6E20A12301}.Release64|x86.ActiveCfg = Release64|x86
		{2F7C18F7-3612-4560-8795-2D6E20A12301}.Release64|x86.Build.0 = Release64|x86
		{80C1EDC5-ECC1-4178-8A83-DFB40D766AB4}.Debug|Any CPU.ActiveCfg = Debug|Any CPU
		{80C1EDC5-ECC1-4178-8A83-DFB40D766AB4}.Debug|Any CPU.Build.0 = Debug|Any CPU
		{80C1EDC5-ECC1-4178-8A83-DFB40D766AB4}.Debug|x64.ActiveCfg = Debug|Any CPU
		{80C1EDC5-ECC1-4178-8A83-DFB40D766AB4}.Debug|x86.ActiveCfg = Debug|x86
		{80C1EDC5-ECC1-4178-8A83-DFB40D766AB4}.Debug|x86.Build.0 = Debug|x86
		{80C1EDC5-ECC1-4178-8A83-DFB40D766AB4}.Release|Any CPU.ActiveCfg = Release|Any CPU
		{80C1EDC5-ECC1-4178-8A83-DFB40D766AB4}.Release|Any CPU.Build.0 = Release|Any CPU
		{80C1EDC5-ECC1-4178-8A83-DFB40D766AB4}.Release|x64.ActiveCfg = Release|Any CPU
		{80C1EDC5-ECC1-4178-8A83-DFB40D766AB4}.Release|x86.ActiveCfg = Release|x86
		{80C1EDC5-ECC1-4178-8A83-DFB40D766AB4}.Release|x86.Build.0 = Release|x86
		{80C1EDC5-ECC1-4178-8A83-DFB40D766AB4}.Release64|Any CPU.ActiveCfg = Release|Any CPU
		{80C1EDC5-ECC1-4178-8A83-DFB40D766AB4}.Release64|Any CPU.Build.0 = Release|Any CPU
		{80C1EDC5-ECC1-4178-8A83-DFB40D766AB4}.Release64|x64.ActiveCfg = Release|Any CPU
		{80C1EDC5-ECC1-4178-8A83-DFB40D766AB4}.Release64|x86.ActiveCfg = Release|Any CPU
		{DCCCDAB2-3A37-4EF0-B129-39903C85E001}.Debug|Any CPU.ActiveCfg = Debug|Any CPU
		{DCCCDAB2-3A37-4EF0-B129-39903C85E001}.Debug|Any CPU.Build.0 = Debug|Any CPU
		{DCCCDAB2-3A37-4EF0-B129-39903C85E001}.Debug|x64.ActiveCfg = Debug|Any CPU
		{DCCCDAB2-3A37-4EF0-B129-39903C85E001}.Debug|x86.ActiveCfg = Debug|x86
		{DCCCDAB2-3A37-4EF0-B129-39903C85E001}.Debug|x86.Build.0 = Debug|x86
		{DCCCDAB2-3A37-4EF0-B129-39903C85E001}.Release|Any CPU.ActiveCfg = Release|Any CPU
		{DCCCDAB2-3A37-4EF0-B129-39903C85E001}.Release|Any CPU.Build.0 = Release|Any CPU
		{DCCCDAB2-3A37-4EF0-B129-39903C85E001}.Release|x64.ActiveCfg = Release|Any CPU
		{DCCCDAB2-3A37-4EF0-B129-39903C85E001}.Release|x86.ActiveCfg = Release|x86
		{DCCCDAB2-3A37-4EF0-B129-39903C85E001}.Release|x86.Build.0 = Release|x86
		{DCCCDAB2-3A37-4EF0-B129-39903C85E001}.Release64|Any CPU.ActiveCfg = Release|Any CPU
		{DCCCDAB2-3A37-4EF0-B129-39903C85E001}.Release64|Any CPU.Build.0 = Release|Any CPU
		{DCCCDAB2-3A37-4EF0-B129-39903C85E001}.Release64|x64.ActiveCfg = Release|Any CPU
		{DCCCDAB2-3A37-4EF0-B129-39903C85E001}.Release64|x86.ActiveCfg = Release|Any CPU
		{4815ADDB-FE94-41FD-B14D-D90598FB1C9D}.Debug|Any CPU.ActiveCfg = Debug|Any CPU
		{4815ADDB-FE94-41FD-B14D-D90598FB1C9D}.Debug|Any CPU.Build.0 = Debug|Any CPU
		{4815ADDB-FE94-41FD-B14D-D90598FB1C9D}.Debug|x64.ActiveCfg = Debug|Any CPU
		{4815ADDB-FE94-41FD-B14D-D90598FB1C9D}.Debug|x86.ActiveCfg = Debug|x86
		{4815ADDB-FE94-41FD-B14D-D90598FB1C9D}.Debug|x86.Build.0 = Debug|x86
		{4815ADDB-FE94-41FD-B14D-D90598FB1C9D}.Release|Any CPU.ActiveCfg = Release|Any CPU
		{4815ADDB-FE94-41FD-B14D-D90598FB1C9D}.Release|Any CPU.Build.0 = Release|Any CPU
		{4815ADDB-FE94-41FD-B14D-D90598FB1C9D}.Release|x64.ActiveCfg = Release|Any CPU
		{4815ADDB-FE94-41FD-B14D-D90598FB1C9D}.Release|x86.ActiveCfg = Release|x86
		{4815ADDB-FE94-41FD-B14D-D90598FB1C9D}.Release|x86.Build.0 = Release|x86
		{4815ADDB-FE94-41FD-B14D-D90598FB1C9D}.Release64|Any CPU.ActiveCfg = Release|Any CPU
		{4815ADDB-FE94-41FD-B14D-D90598FB1C9D}.Release64|Any CPU.Build.0 = Release|Any CPU
		{4815ADDB-FE94-41FD-B14D-D90598FB1C9D}.Release64|x64.ActiveCfg = Release|Any CPU
		{4815ADDB-FE94-41FD-B14D-D90598FB1C9D}.Release64|x86.ActiveCfg = Release|Any CPU
		{05870AC5-192E-4EDF-868A-4F0F6C6AE12E}.Debug|Any CPU.ActiveCfg = Debug|Any CPU
		{05870AC5-192E-4EDF-868A-4F0F6C6AE12E}.Debug|Any CPU.Build.0 = Debug|Any CPU
		{05870AC5-192E-4EDF-868A-4F0F6C6AE12E}.Debug|x64.ActiveCfg = Debug|Any CPU
		{05870AC5-192E-4EDF-868A-4F0F6C6AE12E}.Debug|x86.ActiveCfg = Debug|x86
		{05870AC5-192E-4EDF-868A-4F0F6C6AE12E}.Debug|x86.Build.0 = Debug|x86
		{05870AC5-192E-4EDF-868A-4F0F6C6AE12E}.Release|Any CPU.ActiveCfg = Release|Any CPU
		{05870AC5-192E-4EDF-868A-4F0F6C6AE12E}.Release|Any CPU.Build.0 = Release|Any CPU
		{05870AC5-192E-4EDF-868A-4F0F6C6AE12E}.Release|x64.ActiveCfg = Release|Any CPU
		{05870AC5-192E-4EDF-868A-4F0F6C6AE12E}.Release|x86.ActiveCfg = Release|x86
		{05870AC5-192E-4EDF-868A-4F0F6C6AE12E}.Release|x86.Build.0 = Release|x86
		{05870AC5-192E-4EDF-868A-4F0F6C6AE12E}.Release64|Any CPU.ActiveCfg = Release|Any CPU
		{05870AC5-192E-4EDF-868A-4F0F6C6AE12E}.Release64|Any CPU.Build.0 = Release|Any CPU
		{05870AC5-192E-4EDF-868A-4F0F6C6AE12E}.Release64|x64.ActiveCfg = Release|Any CPU
		{05870AC5-192E-4EDF-868A-4F0F6C6AE12E}.Release64|x86.ActiveCfg = Release|Any CPU
		{CE7DE67A-641E-4745-BD92-F0A4CC81477A}.Debug|Any CPU.ActiveCfg = Debug|Any CPU
		{CE7DE67A-641E-4745-BD92-F0A4CC81477A}.Debug|Any CPU.Build.0 = Debug|Any CPU
		{CE7DE67A-641E-4745-BD92-F0A4CC81477A}.Debug|x64.ActiveCfg = Debug|Any CPU
		{CE7DE67A-641E-4745-BD92-F0A4CC81477A}.Debug|x86.ActiveCfg = Debug|x86
		{CE7DE67A-641E-4745-BD92-F0A4CC81477A}.Debug|x86.Build.0 = Debug|x86
		{CE7DE67A-641E-4745-BD92-F0A4CC81477A}.Release|Any CPU.ActiveCfg = Release|Any CPU
		{CE7DE67A-641E-4745-BD92-F0A4CC81477A}.Release|Any CPU.Build.0 = Release|Any CPU
		{CE7DE67A-641E-4745-BD92-F0A4CC81477A}.Release|x64.ActiveCfg = Release|Any CPU
		{CE7DE67A-641E-4745-BD92-F0A4CC81477A}.Release|x86.ActiveCfg = Release|x86
		{CE7DE67A-641E-4745-BD92-F0A4CC81477A}.Release|x86.Build.0 = Release|x86
		{CE7DE67A-641E-4745-BD92-F0A4CC81477A}.Release64|Any CPU.ActiveCfg = Release|Any CPU
		{CE7DE67A-641E-4745-BD92-F0A4CC81477A}.Release64|Any CPU.Build.0 = Release|Any CPU
		{CE7DE67A-641E-4745-BD92-F0A4CC81477A}.Release64|x64.ActiveCfg = Release|Any CPU
		{CE7DE67A-641E-4745-BD92-F0A4CC81477A}.Release64|x86.ActiveCfg = Release|Any CPU
		{657E2EE2-ED7A-4CBA-80A3-CCC1C1D18C63}.Debug|Any CPU.ActiveCfg = Debug|Any CPU
		{657E2EE2-ED7A-4CBA-80A3-CCC1C1D18C63}.Debug|Any CPU.Build.0 = Debug|Any CPU
		{657E2EE2-ED7A-4CBA-80A3-CCC1C1D18C63}.Debug|x64.ActiveCfg = Debug|Any CPU
		{657E2EE2-ED7A-4CBA-80A3-CCC1C1D18C63}.Debug|x86.ActiveCfg = Debug|x86
		{657E2EE2-ED7A-4CBA-80A3-CCC1C1D18C63}.Debug|x86.Build.0 = Debug|x86
		{657E2EE2-ED7A-4CBA-80A3-CCC1C1D18C63}.Release|Any CPU.ActiveCfg = Release|Any CPU
		{657E2EE2-ED7A-4CBA-80A3-CCC1C1D18C63}.Release|Any CPU.Build.0 = Release|Any CPU
		{657E2EE2-ED7A-4CBA-80A3-CCC1C1D18C63}.Release|x64.ActiveCfg = Release|Any CPU
		{657E2EE2-ED7A-4CBA-80A3-CCC1C1D18C63}.Release|x86.ActiveCfg = Release|x86
		{657E2EE2-ED7A-4CBA-80A3-CCC1C1D18C63}.Release|x86.Build.0 = Release|x86
		{657E2EE2-ED7A-4CBA-80A3-CCC1C1D18C63}.Release64|Any CPU.ActiveCfg = Release|Any CPU
		{657E2EE2-ED7A-4CBA-80A3-CCC1C1D18C63}.Release64|Any CPU.Build.0 = Release|Any CPU
		{657E2EE2-ED7A-4CBA-80A3-CCC1C1D18C63}.Release64|x64.ActiveCfg = Release|Any CPU
		{657E2EE2-ED7A-4CBA-80A3-CCC1C1D18C63}.Release64|x86.ActiveCfg = Release|Any CPU
		{209843A8-5F85-4227-9B13-C3660B246B99}.Debug|Any CPU.ActiveCfg = Debug|Any CPU
		{209843A8-5F85-4227-9B13-C3660B246B99}.Debug|Any CPU.Build.0 = Debug|Any CPU
		{209843A8-5F85-4227-9B13-C3660B246B99}.Debug|x64.ActiveCfg = Debug|Any CPU
		{209843A8-5F85-4227-9B13-C3660B246B99}.Debug|x86.ActiveCfg = Debug|x86
		{209843A8-5F85-4227-9B13-C3660B246B99}.Debug|x86.Build.0 = Debug|x86
		{209843A8-5F85-4227-9B13-C3660B246B99}.Release|Any CPU.ActiveCfg = Release|Any CPU
		{209843A8-5F85-4227-9B13-C3660B246B99}.Release|Any CPU.Build.0 = Release|Any CPU
		{209843A8-5F85-4227-9B13-C3660B246B99}.Release|x64.ActiveCfg = Release|Any CPU
		{209843A8-5F85-4227-9B13-C3660B246B99}.Release|x86.ActiveCfg = Release|x86
		{209843A8-5F85-4227-9B13-C3660B246B99}.Release|x86.Build.0 = Release|x86
		{209843A8-5F85-4227-9B13-C3660B246B99}.Release64|Any CPU.ActiveCfg = Release|Any CPU
		{209843A8-5F85-4227-9B13-C3660B246B99}.Release64|Any CPU.Build.0 = Release|Any CPU
		{209843A8-5F85-4227-9B13-C3660B246B99}.Release64|x64.ActiveCfg = Release|Any CPU
		{209843A8-5F85-4227-9B13-C3660B246B99}.Release64|x86.ActiveCfg = Release|Any CPU
		{CEFE235F-D88A-48B0-9173-F7D437F93A64}.Debug|Any CPU.ActiveCfg = Debug|Any CPU
		{CEFE235F-D88A-48B0-9173-F7D437F93A64}.Debug|Any CPU.Build.0 = Debug|Any CPU
		{CEFE235F-D88A-48B0-9173-F7D437F93A64}.Debug|x64.ActiveCfg = Debug|Any CPU
		{CEFE235F-D88A-48B0-9173-F7D437F93A64}.Debug|x86.ActiveCfg = Debug|x86
		{CEFE235F-D88A-48B0-9173-F7D437F93A64}.Debug|x86.Build.0 = Debug|x86
		{CEFE235F-D88A-48B0-9173-F7D437F93A64}.Release|Any CPU.ActiveCfg = Release|Any CPU
		{CEFE235F-D88A-48B0-9173-F7D437F93A64}.Release|Any CPU.Build.0 = Release|Any CPU
		{CEFE235F-D88A-48B0-9173-F7D437F93A64}.Release|x64.ActiveCfg = Release|Any CPU
		{CEFE235F-D88A-48B0-9173-F7D437F93A64}.Release|x86.ActiveCfg = Release|x86
		{CEFE235F-D88A-48B0-9173-F7D437F93A64}.Release|x86.Build.0 = Release|x86
		{CEFE235F-D88A-48B0-9173-F7D437F93A64}.Release64|Any CPU.ActiveCfg = Release|Any CPU
		{CEFE235F-D88A-48B0-9173-F7D437F93A64}.Release64|Any CPU.Build.0 = Release|Any CPU
		{CEFE235F-D88A-48B0-9173-F7D437F93A64}.Release64|x64.ActiveCfg = Release|Any CPU
		{CEFE235F-D88A-48B0-9173-F7D437F93A64}.Release64|x86.ActiveCfg = Release|Any CPU
		{58A293AC-079F-414E-9CE6-93F39068214C}.Debug|Any CPU.ActiveCfg = Debug|Any CPU
		{58A293AC-079F-414E-9CE6-93F39068214C}.Debug|Any CPU.Build.0 = Debug|Any CPU
		{58A293AC-079F-414E-9CE6-93F39068214C}.Debug|x64.ActiveCfg = Debug|Any CPU
		{58A293AC-079F-414E-9CE6-93F39068214C}.Debug|x86.ActiveCfg = Debug|x86
		{58A293AC-079F-414E-9CE6-93F39068214C}.Debug|x86.Build.0 = Debug|x86
		{58A293AC-079F-414E-9CE6-93F39068214C}.Release|Any CPU.ActiveCfg = Release|Any CPU
		{58A293AC-079F-414E-9CE6-93F39068214C}.Release|Any CPU.Build.0 = Release|Any CPU
		{58A293AC-079F-414E-9CE6-93F39068214C}.Release|x64.ActiveCfg = Release|Any CPU
		{58A293AC-079F-414E-9CE6-93F39068214C}.Release|x86.ActiveCfg = Release|x86
		{58A293AC-079F-414E-9CE6-93F39068214C}.Release|x86.Build.0 = Release|x86
		{58A293AC-079F-414E-9CE6-93F39068214C}.Release64|Any CPU.ActiveCfg = Release|Any CPU
		{58A293AC-079F-414E-9CE6-93F39068214C}.Release64|Any CPU.Build.0 = Release|Any CPU
		{58A293AC-079F-414E-9CE6-93F39068214C}.Release64|x64.ActiveCfg = Release|Any CPU
		{58A293AC-079F-414E-9CE6-93F39068214C}.Release64|x86.ActiveCfg = Release|Any CPU
		{80E81CC7-2A8C-4E3E-A138-7ECB2412AC3B}.Debug|Any CPU.ActiveCfg = Debug|Any CPU
		{80E81CC7-2A8C-4E3E-A138-7ECB2412AC3B}.Debug|Any CPU.Build.0 = Debug|Any CPU
		{80E81CC7-2A8C-4E3E-A138-7ECB2412AC3B}.Debug|x64.ActiveCfg = Debug|x64
		{80E81CC7-2A8C-4E3E-A138-7ECB2412AC3B}.Debug|x64.Build.0 = Debug|x64
		{80E81CC7-2A8C-4E3E-A138-7ECB2412AC3B}.Debug|x86.ActiveCfg = Debug|x86
		{80E81CC7-2A8C-4E3E-A138-7ECB2412AC3B}.Debug|x86.Build.0 = Debug|x86
		{80E81CC7-2A8C-4E3E-A138-7ECB2412AC3B}.Release|Any CPU.ActiveCfg = Release|Any CPU
		{80E81CC7-2A8C-4E3E-A138-7ECB2412AC3B}.Release|Any CPU.Build.0 = Release|Any CPU
		{80E81CC7-2A8C-4E3E-A138-7ECB2412AC3B}.Release|x64.ActiveCfg = Release|x64
		{80E81CC7-2A8C-4E3E-A138-7ECB2412AC3B}.Release|x64.Build.0 = Release|x64
		{80E81CC7-2A8C-4E3E-A138-7ECB2412AC3B}.Release|x86.ActiveCfg = Release|x86
		{80E81CC7-2A8C-4E3E-A138-7ECB2412AC3B}.Release|x86.Build.0 = Release|x86
		{80E81CC7-2A8C-4E3E-A138-7ECB2412AC3B}.Release64|Any CPU.ActiveCfg = Release64|Any CPU
		{80E81CC7-2A8C-4E3E-A138-7ECB2412AC3B}.Release64|Any CPU.Build.0 = Release64|Any CPU
		{80E81CC7-2A8C-4E3E-A138-7ECB2412AC3B}.Release64|x64.ActiveCfg = Release64|x64
		{80E81CC7-2A8C-4E3E-A138-7ECB2412AC3B}.Release64|x64.Build.0 = Release64|x64
		{80E81CC7-2A8C-4E3E-A138-7ECB2412AC3B}.Release64|x86.ActiveCfg = Release64|x86
		{80E81CC7-2A8C-4E3E-A138-7ECB2412AC3B}.Release64|x86.Build.0 = Release64|x86
	EndGlobalSection
	GlobalSection(SolutionProperties) = preSolution
		HideSolutionNode = FALSE
	EndGlobalSection
EndGlobal
