
Microsoft Visual Studio Solution File, Format Version 12.00
# Visual Studio Version 17
VisualStudioVersion = 17.1.32104.313
MinimumVisualStudioVersion = 10.0.40219.1
Project("{9A19103F-16F7-4668-BE54-9A1E7A4F7556}") = "AlexPi.Scr", "AlexPi.Scr\AlexPi.Scr.csproj", "{0EFF12AF-5052-4BB7-89C0-B079BF4E3BAA}"
EndProject
Project("{9A19103F-16F7-4668-BE54-9A1E7A4F7556}") = "WebScrap", "WebScrap\WebScrap.csproj", "{1424DC49-32EB-4D51-94D1-816596A57997}"
EndProject
Project("{9A19103F-16F7-4668-BE54-9A1E7A4F7556}") = "WebScrapEnvironmentCanada", "WebScrapEnvironmentCanada\WebScrapEnvironmentCanada.csproj", "{06A6CCCE-F380-4346-8EE3-F4F34148F401}"
EndProject
Project("{9A19103F-16F7-4668-BE54-9A1E7A4F7556}") = "Db.EventLog", "Db.EventLog\Db.EventLog.csproj", "{FF8F5E61-059C-4BBB-9834-177C1F24CA23}"
EndProject
Project("{9A19103F-16F7-4668-BE54-9A1E7A4F7556}") = "RadarPicCollect", "RadarPicCollect\RadarPicCollect.csproj", "{3ABAEC0F-2BA9-43B8-BC03-245FB39CAE24}"
EndProject
Project("{9A19103F-16F7-4668-BE54-9A1E7A4F7556}") = "RadarLib", "RadarLib\RadarLib.csproj", "{9F2B5F76-D4F7-48D8-B64B-36D3AFCA6335}"
EndProject
Project("{9A19103F-16F7-4668-BE54-9A1E7A4F7556}") = "MailInfoWpfUsrCtrlLib", "MailInfoWpfUsrCtrlLib\MailInfoWpfUsrCtrlLib.csproj", "{39F4C6FE-F5DC-4C1B-953A-3A7BBE38A7BD}"
EndProject
Project("{9A19103F-16F7-4668-BE54-9A1E7A4F7556}") = "ScreenTimeUsrCtrlLib", "ScreenTimeUsrCtrlLib\ScreenTimeUsrCtrlLib.csproj", "{370C26E1-87E2-48BE-A4C0-07AA520F7038}"
EndProject
Project("{9A19103F-16F7-4668-BE54-9A1E7A4F7556}") = "SecretMgtDevAndProdConsApp", "..\poc\SecretMgtDevAndProdConsApp\SecretMgtDevAndProdConsApp.csproj", "{7DCD700A-855A-488F-9677-9040FC37CB2A}"
EndProject
Project("{9A19103F-16F7-4668-BE54-9A1E7A4F7556}") = "LoggingDemoWpfApp", "LoggingDemoWpfApp\LoggingDemoWpfApp.csproj", "{55790680-8106-4C39-B11F-6322CA42403F}"
EndProject
Project("{9A19103F-16F7-4668-BE54-9A1E7A4F7556}") = "Db.EventLog.Explorer", "Db.EventLog.Explorer\Db.EventLog.Explorer.csproj", "{A5CDC420-73A9-4903-8557-C602C2F363C4}"
EndProject
Project("{9A19103F-16F7-4668-BE54-9A1E7A4F7556}") = "AmbienceLib", "..\..\..\AAV.Shared\Src\NetLts\Ambience\AmbienceLib.csproj", "{87417D25-283A-4403-B009-8004A2ACA311}"
EndProject
Project("{9A19103F-16F7-4668-BE54-9A1E7A4F7556}") = "WinFormsControlLib", "..\..\..\AAV.Shared\Src\NetLts\WinFormsControlLib\WinFormsControlLib.csproj", "{D18377EE-97BC-4C42-A5B7-3AA4AA06A2E1}"
EndProject
Project("{9A19103F-16F7-4668-BE54-9A1E7A4F7556}") = "StandardLib", "..\..\..\AAV.Shared\Src\NetLts\StandardLib\StandardLib.csproj", "{EEA90109-2D68-48CF-A391-372D8D495D11}"
EndProject
Project("{2150E333-8FDC-42A3-9474-1A3956D46DE8}") = "Shareds", "Shareds", "{CB638E28-8738-4538-BDAA-0FA56ABC11EB}"
EndProject
Project("{9A19103F-16F7-4668-BE54-9A1E7A4F7556}") = "WpfUserControlLib", "..\..\..\AAV.Shared\Src\NetLts\WpfUserControlLib\WpfUserControlLib.csproj", "{AC9A4A00-59F9-40E0-A342-7C12CE210DF2}"
EndProject
Project("{9A19103F-16F7-4668-BE54-9A1E7A4F7556}") = "StandardContractsLib", "..\..\..\AAV.Shared\Src\NetLts\StandardContractsLib\StandardContractsLib.csproj", "{7B55AE48-463B-456C-AE36-8F71289A717D}"
EndProject
Project("{9A19103F-16F7-4668-BE54-9A1E7A4F7556}") = "PixelMeasure", "..\..\..\Radar\Src\PixelMeasure\PixelMeasure.csproj", "{EC118EF4-A900-4096-BC20-EBECB6D5DDF8}"
EndProject
Project("{9A19103F-16F7-4668-BE54-9A1E7A4F7556}") = "MSGraphSlideshow", "MSGraphSlideshow\MSGraphSlideshow.csproj", "{4CB815FE-7A2A-4132-9F96-DDDDE6B65E0B}"
EndProject
Project("{9A19103F-16F7-4668-BE54-9A1E7A4F7556}") = "OleksaScrSvr", "OleksaScrSvr\OleksaScrSvr.csproj", "{950A67DB-ED45-4440-9484-969686457CDF}"
EndProject
Project("{9A19103F-16F7-4668-BE54-9A1E7A4F7556}") = "OleksaScrSvr.View", "OleksaScrSvr.View\OleksaScrSvr.View.csproj", "{E711036F-C7E5-40FC-A7C3-8A9B1D9D3D79}"
EndProject
Project("{9A19103F-16F7-4668-BE54-9A1E7A4F7556}") = "OleksaScrSvr.VM", "OleksaScrSvr.VM\OleksaScrSvr.VM.csproj", "{63619F05-8092-48E7-9D12-068372737438}"
EndProject
Project("{9A19103F-16F7-4668-BE54-9A1E7A4F7556}") = "OleksaScrSvr.Contract", "OleksaScrSvr.Contract\OleksaScrSvr.Contract.csproj", "{F4FD574E-648D-438A-818F-60012D26432B}"
EndProject
Project("{2150E333-8FDC-42A3-9474-1A3956D46DE8}") = "Lib", "Lib", "{E076577B-F56C-4C44-9BD9-94C760B8016C}"
EndProject
Project("{9A19103F-16F7-4668-BE54-9A1E7A4F7556}") = "DB.WeatherX.PwrTls", "..\..\..\Radar\Src\DB.WeatherX.PwrTls\DB.WeatherX.PwrTls.csproj", "{DE09C831-4BFF-4CC3-AB6F-2D2372623FC9}"
EndProject
Project("{9A19103F-16F7-4668-BE54-9A1E7A4F7556}") = "Radar22.Lib", "..\..\..\Radar\Src\Radar22.Lib\Radar22.Lib.csproj", "{41645197-0642-4824-BDE7-65B1740AC88D}"
EndProject
Project("{9A19103F-16F7-4668-BE54-9A1E7A4F7556}") = "OpenWeaLib", "..\..\..\Radar\Src\OpenWeaWpfApp\OpenWeaLib.csproj", "{AEBECAF1-A331-47EC-AE6B-66DED7ED87EF}"
EndProject
Project("{9A19103F-16F7-4668-BE54-9A1E7A4F7556}") = "OpenWeaSvc", "..\..\..\Radar\Src\OpenWeather2022\OpenWeaSvc.csproj", "{7F032004-E85E-439C-94E8-2546EBE39255}"
EndProject
Project("{9A19103F-16F7-4668-BE54-9A1E7A4F7556}") = "TtsVoicesPocConsoleApp", "TtsVoicesPocConsoleApp\TtsVoicesPocConsoleApp.csproj", "{B46DCBF6-1101-4F1F-BD6B-FCA49D59ADCD}"
EndProject
Project("{9A19103F-16F7-4668-BE54-9A1E7A4F7556}") = "PostScrSvr", "PostScrSvr\PostScrSvr.csproj", "{6487B0D9-46DC-4E18-88C2-3FD0690D6460}"
EndProject
Project("{9A19103F-16F7-4668-BE54-9A1E7A4F7556}") = "EventLogHelperLib", "..\..\..\AAV.Shared\Src\NetLts\EventLogHelperLib\EventLogHelperLib.csproj", "{CB49302A-1672-4F2D-A22C-FB468D45200B}"
EndProject
Project("{9A19103F-16F7-4668-BE54-9A1E7A4F7556}") = "PeriodicTimerLib", "..\..\..\AAV.Shared\Src\NetLts\PeriodicTimerLib\PeriodicTimerLib.csproj", "{848D39E4-E2D8-4636-B2D0-16A3E9E06FF8}"
EndProject
Project("{9A19103F-16F7-4668-BE54-9A1E7A4F7556}") = "PhoneAreaCoder", "..\..\..\AAV.Shared\Src\NetLts\PhoneAreaCoder\PhoneAreaCoder.csproj", "{E7392DAD-3360-451F-95C4-3FEDE5790B7D}"
EndProject
Project("{9A19103F-16F7-4668-BE54-9A1E7A4F7556}") = "LibraryImportLib", "..\..\..\AAV.Shared\Src\NetLts\LibraryImportLib\LibraryImportLib.csproj", "{1FC5BFE6-C5CB-488A-8182-53B7D05C4D25}"
EndProject
Project("{9A19103F-16F7-4668-BE54-9A1E7A4F7556}") = "OpenVsOnTheCulpritLine", "..\..\..\Util\Src\OpenVsOnTheCulpritLine\OpenVsOnTheCulpritLine.csproj", "{669F1077-BBB9-4224-ACB0-E2D30D770BC9}"
EndProject
Project("{FAE04EC0-301F-11D3-BF4B-00C04F79EFBC}") = "MsGraphLib", "..\..\..\AAV.Shared\Src\NetLts\MsGraphLib\MsGraphLib.csproj", "{D25B082A-B010-416F-B1BB-127DFFBD0AF9}"
EndProject
Project("{FAE04EC0-301F-11D3-BF4B-00C04F79EFBC}") = "OpenMeteoClient", "..\..\..\Radar\Src\OpenMeteoClient\src\OpenMeteoClient\OpenMeteoClient.csproj", "{DF6A77A1-AEC4-4826-91A1-6CF1ABE7F7DD}"
EndProject
Global
	GlobalSection(SolutionConfigurationPlatforms) = preSolution
		BldRls|Any CPU = BldRls|Any CPU
		BldRls|x64 = BldRls|x64
		BldRls|x86 = BldRls|x86
		Debug|Any CPU = Debug|Any CPU
		Debug|x64 = Debug|x64
		Debug|x86 = Debug|x86
		Release|Any CPU = Release|Any CPU
		Release|x64 = Release|x64
		Release|x86 = Release|x86
	EndGlobalSection
	GlobalSection(ProjectConfigurationPlatforms) = postSolution
		{0EFF12AF-5052-4BB7-89C0-B079BF4E3BAA}.BldRls|Any CPU.ActiveCfg = Release|Any CPU
		{0EFF12AF-5052-4BB7-89C0-B079BF4E3BAA}.BldRls|Any CPU.Build.0 = Release|Any CPU
		{0EFF12AF-5052-4BB7-89C0-B079BF4E3BAA}.BldRls|x64.ActiveCfg = Release|Any CPU
		{0EFF12AF-5052-4BB7-89C0-B079BF4E3BAA}.BldRls|x64.Build.0 = Release|Any CPU
		{0EFF12AF-5052-4BB7-89C0-B079BF4E3BAA}.BldRls|x86.ActiveCfg = Release|Any CPU
		{0EFF12AF-5052-4BB7-89C0-B079BF4E3BAA}.BldRls|x86.Build.0 = Release|Any CPU
		{0EFF12AF-5052-4BB7-89C0-B079BF4E3BAA}.Debug|Any CPU.ActiveCfg = Debug|Any CPU
		{0EFF12AF-5052-4BB7-89C0-B079BF4E3BAA}.Debug|Any CPU.Build.0 = Debug|Any CPU
		{0EFF12AF-5052-4BB7-89C0-B079BF4E3BAA}.Debug|x64.ActiveCfg = Debug|Any CPU
		{0EFF12AF-5052-4BB7-89C0-B079BF4E3BAA}.Debug|x64.Build.0 = Debug|Any CPU
		{0EFF12AF-5052-4BB7-89C0-B079BF4E3BAA}.Debug|x86.ActiveCfg = Debug|Any CPU
		{0EFF12AF-5052-4BB7-89C0-B079BF4E3BAA}.Debug|x86.Build.0 = Debug|Any CPU
		{0EFF12AF-5052-4BB7-89C0-B079BF4E3BAA}.Release|Any CPU.ActiveCfg = Release|Any CPU
		{0EFF12AF-5052-4BB7-89C0-B079BF4E3BAA}.Release|Any CPU.Build.0 = Release|Any CPU
		{0EFF12AF-5052-4BB7-89C0-B079BF4E3BAA}.Release|x64.ActiveCfg = Release|x64
		{0EFF12AF-5052-4BB7-89C0-B079BF4E3BAA}.Release|x64.Build.0 = Release|x64
		{0EFF12AF-5052-4BB7-89C0-B079BF4E3BAA}.Release|x86.ActiveCfg = Release|Any CPU
		{0EFF12AF-5052-4BB7-89C0-B079BF4E3BAA}.Release|x86.Build.0 = Release|Any CPU
		{1424DC49-32EB-4D51-94D1-816596A57997}.BldRls|Any CPU.ActiveCfg = Release|Any CPU
		{1424DC49-32EB-4D51-94D1-816596A57997}.BldRls|Any CPU.Build.0 = Release|Any CPU
		{1424DC49-32EB-4D51-94D1-816596A57997}.BldRls|x64.ActiveCfg = Release|Any CPU
		{1424DC49-32EB-4D51-94D1-816596A57997}.BldRls|x64.Build.0 = Release|Any CPU
		{1424DC49-32EB-4D51-94D1-816596A57997}.BldRls|x86.ActiveCfg = Release|Any CPU
		{1424DC49-32EB-4D51-94D1-816596A57997}.BldRls|x86.Build.0 = Release|Any CPU
		{1424DC49-32EB-4D51-94D1-816596A57997}.Debug|Any CPU.ActiveCfg = Debug|Any CPU
		{1424DC49-32EB-4D51-94D1-816596A57997}.Debug|Any CPU.Build.0 = Debug|Any CPU
		{1424DC49-32EB-4D51-94D1-816596A57997}.Debug|x64.ActiveCfg = Debug|Any CPU
		{1424DC49-32EB-4D51-94D1-816596A57997}.Debug|x64.Build.0 = Debug|Any CPU
		{1424DC49-32EB-4D51-94D1-816596A57997}.Debug|x86.ActiveCfg = Debug|Any CPU
		{1424DC49-32EB-4D51-94D1-816596A57997}.Debug|x86.Build.0 = Debug|Any CPU
		{1424DC49-32EB-4D51-94D1-816596A57997}.Release|Any CPU.ActiveCfg = Release|Any CPU
		{1424DC49-32EB-4D51-94D1-816596A57997}.Release|Any CPU.Build.0 = Release|Any CPU
		{1424DC49-32EB-4D51-94D1-816596A57997}.Release|x64.ActiveCfg = Release|x64
		{1424DC49-32EB-4D51-94D1-816596A57997}.Release|x64.Build.0 = Release|x64
		{1424DC49-32EB-4D51-94D1-816596A57997}.Release|x86.ActiveCfg = Release|Any CPU
		{1424DC49-32EB-4D51-94D1-816596A57997}.Release|x86.Build.0 = Release|Any CPU
		{06A6CCCE-F380-4346-8EE3-F4F34148F401}.BldRls|Any CPU.ActiveCfg = Release|Any CPU
		{06A6CCCE-F380-4346-8EE3-F4F34148F401}.BldRls|Any CPU.Build.0 = Release|Any CPU
		{06A6CCCE-F380-4346-8EE3-F4F34148F401}.BldRls|x64.ActiveCfg = Release|Any CPU
		{06A6CCCE-F380-4346-8EE3-F4F34148F401}.BldRls|x64.Build.0 = Release|Any CPU
		{06A6CCCE-F380-4346-8EE3-F4F34148F401}.BldRls|x86.ActiveCfg = Release|Any CPU
		{06A6CCCE-F380-4346-8EE3-F4F34148F401}.BldRls|x86.Build.0 = Release|Any CPU
		{06A6CCCE-F380-4346-8EE3-F4F34148F401}.Debug|Any CPU.ActiveCfg = Debug|Any CPU
		{06A6CCCE-F380-4346-8EE3-F4F34148F401}.Debug|Any CPU.Build.0 = Debug|Any CPU
		{06A6CCCE-F380-4346-8EE3-F4F34148F401}.Debug|x64.ActiveCfg = Debug|Any CPU
		{06A6CCCE-F380-4346-8EE3-F4F34148F401}.Debug|x64.Build.0 = Debug|Any CPU
		{06A6CCCE-F380-4346-8EE3-F4F34148F401}.Debug|x86.ActiveCfg = Debug|Any CPU
		{06A6CCCE-F380-4346-8EE3-F4F34148F401}.Debug|x86.Build.0 = Debug|Any CPU
		{06A6CCCE-F380-4346-8EE3-F4F34148F401}.Release|Any CPU.ActiveCfg = Release|Any CPU
		{06A6CCCE-F380-4346-8EE3-F4F34148F401}.Release|Any CPU.Build.0 = Release|Any CPU
		{06A6CCCE-F380-4346-8EE3-F4F34148F401}.Release|x64.ActiveCfg = Release|x64
		{06A6CCCE-F380-4346-8EE3-F4F34148F401}.Release|x64.Build.0 = Release|x64
		{06A6CCCE-F380-4346-8EE3-F4F34148F401}.Release|x86.ActiveCfg = Release|Any CPU
		{06A6CCCE-F380-4346-8EE3-F4F34148F401}.Release|x86.Build.0 = Release|Any CPU
		{FF8F5E61-059C-4BBB-9834-177C1F24CA23}.BldRls|Any CPU.ActiveCfg = Release|Any CPU
		{FF8F5E61-059C-4BBB-9834-177C1F24CA23}.BldRls|Any CPU.Build.0 = Release|Any CPU
		{FF8F5E61-059C-4BBB-9834-177C1F24CA23}.BldRls|x64.ActiveCfg = Release|Any CPU
		{FF8F5E61-059C-4BBB-9834-177C1F24CA23}.BldRls|x64.Build.0 = Release|Any CPU
		{FF8F5E61-059C-4BBB-9834-177C1F24CA23}.BldRls|x86.ActiveCfg = Release|Any CPU
		{FF8F5E61-059C-4BBB-9834-177C1F24CA23}.BldRls|x86.Build.0 = Release|Any CPU
		{FF8F5E61-059C-4BBB-9834-177C1F24CA23}.Debug|Any CPU.ActiveCfg = Debug|Any CPU
		{FF8F5E61-059C-4BBB-9834-177C1F24CA23}.Debug|Any CPU.Build.0 = Debug|Any CPU
		{FF8F5E61-059C-4BBB-9834-177C1F24CA23}.Debug|x64.ActiveCfg = Debug|Any CPU
		{FF8F5E61-059C-4BBB-9834-177C1F24CA23}.Debug|x64.Build.0 = Debug|Any CPU
		{FF8F5E61-059C-4BBB-9834-177C1F24CA23}.Debug|x86.ActiveCfg = Debug|Any CPU
		{FF8F5E61-059C-4BBB-9834-177C1F24CA23}.Debug|x86.Build.0 = Debug|Any CPU
		{FF8F5E61-059C-4BBB-9834-177C1F24CA23}.Release|Any CPU.ActiveCfg = Release|Any CPU
		{FF8F5E61-059C-4BBB-9834-177C1F24CA23}.Release|Any CPU.Build.0 = Release|Any CPU
		{FF8F5E61-059C-4BBB-9834-177C1F24CA23}.Release|x64.ActiveCfg = Release|x64
		{FF8F5E61-059C-4BBB-9834-177C1F24CA23}.Release|x64.Build.0 = Release|x64
		{FF8F5E61-059C-4BBB-9834-177C1F24CA23}.Release|x86.ActiveCfg = Release|Any CPU
		{FF8F5E61-059C-4BBB-9834-177C1F24CA23}.Release|x86.Build.0 = Release|Any CPU
		{3ABAEC0F-2BA9-43B8-BC03-245FB39CAE24}.BldRls|Any CPU.ActiveCfg = Release|Any CPU
		{3ABAEC0F-2BA9-43B8-BC03-245FB39CAE24}.BldRls|Any CPU.Build.0 = Release|Any CPU
		{3ABAEC0F-2BA9-43B8-BC03-245FB39CAE24}.BldRls|x64.ActiveCfg = Release|Any CPU
		{3ABAEC0F-2BA9-43B8-BC03-245FB39CAE24}.BldRls|x64.Build.0 = Release|Any CPU
		{3ABAEC0F-2BA9-43B8-BC03-245FB39CAE24}.BldRls|x86.ActiveCfg = Release|Any CPU
		{3ABAEC0F-2BA9-43B8-BC03-245FB39CAE24}.BldRls|x86.Build.0 = Release|Any CPU
		{3ABAEC0F-2BA9-43B8-BC03-245FB39CAE24}.Debug|Any CPU.ActiveCfg = Debug|Any CPU
		{3ABAEC0F-2BA9-43B8-BC03-245FB39CAE24}.Debug|Any CPU.Build.0 = Debug|Any CPU
		{3ABAEC0F-2BA9-43B8-BC03-245FB39CAE24}.Debug|x64.ActiveCfg = Debug|Any CPU
		{3ABAEC0F-2BA9-43B8-BC03-245FB39CAE24}.Debug|x64.Build.0 = Debug|Any CPU
		{3ABAEC0F-2BA9-43B8-BC03-245FB39CAE24}.Debug|x86.ActiveCfg = Debug|Any CPU
		{3ABAEC0F-2BA9-43B8-BC03-245FB39CAE24}.Debug|x86.Build.0 = Debug|Any CPU
		{3ABAEC0F-2BA9-43B8-BC03-245FB39CAE24}.Release|Any CPU.ActiveCfg = Release|Any CPU
		{3ABAEC0F-2BA9-43B8-BC03-245FB39CAE24}.Release|Any CPU.Build.0 = Release|Any CPU
		{3ABAEC0F-2BA9-43B8-BC03-245FB39CAE24}.Release|x64.ActiveCfg = Release|Any CPU
		{3ABAEC0F-2BA9-43B8-BC03-245FB39CAE24}.Release|x64.Build.0 = Release|Any CPU
		{3ABAEC0F-2BA9-43B8-BC03-245FB39CAE24}.Release|x86.ActiveCfg = Release|Any CPU
		{3ABAEC0F-2BA9-43B8-BC03-245FB39CAE24}.Release|x86.Build.0 = Release|Any CPU
		{9F2B5F76-D4F7-48D8-B64B-36D3AFCA6335}.BldRls|Any CPU.ActiveCfg = Release|Any CPU
		{9F2B5F76-D4F7-48D8-B64B-36D3AFCA6335}.BldRls|Any CPU.Build.0 = Release|Any CPU
		{9F2B5F76-D4F7-48D8-B64B-36D3AFCA6335}.BldRls|x64.ActiveCfg = Release|Any CPU
		{9F2B5F76-D4F7-48D8-B64B-36D3AFCA6335}.BldRls|x64.Build.0 = Release|Any CPU
		{9F2B5F76-D4F7-48D8-B64B-36D3AFCA6335}.BldRls|x86.ActiveCfg = Release|Any CPU
		{9F2B5F76-D4F7-48D8-B64B-36D3AFCA6335}.BldRls|x86.Build.0 = Release|Any CPU
		{9F2B5F76-D4F7-48D8-B64B-36D3AFCA6335}.Debug|Any CPU.ActiveCfg = Debug|Any CPU
		{9F2B5F76-D4F7-48D8-B64B-36D3AFCA6335}.Debug|Any CPU.Build.0 = Debug|Any CPU
		{9F2B5F76-D4F7-48D8-B64B-36D3AFCA6335}.Debug|x64.ActiveCfg = Debug|Any CPU
		{9F2B5F76-D4F7-48D8-B64B-36D3AFCA6335}.Debug|x64.Build.0 = Debug|Any CPU
		{9F2B5F76-D4F7-48D8-B64B-36D3AFCA6335}.Debug|x86.ActiveCfg = Debug|Any CPU
		{9F2B5F76-D4F7-48D8-B64B-36D3AFCA6335}.Debug|x86.Build.0 = Debug|Any CPU
		{9F2B5F76-D4F7-48D8-B64B-36D3AFCA6335}.Release|Any CPU.ActiveCfg = Release|Any CPU
		{9F2B5F76-D4F7-48D8-B64B-36D3AFCA6335}.Release|Any CPU.Build.0 = Release|Any CPU
		{9F2B5F76-D4F7-48D8-B64B-36D3AFCA6335}.Release|x64.ActiveCfg = Release|Any CPU
		{9F2B5F76-D4F7-48D8-B64B-36D3AFCA6335}.Release|x64.Build.0 = Release|Any CPU
		{9F2B5F76-D4F7-48D8-B64B-36D3AFCA6335}.Release|x86.ActiveCfg = Release|Any CPU
		{9F2B5F76-D4F7-48D8-B64B-36D3AFCA6335}.Release|x86.Build.0 = Release|Any CPU
		{39F4C6FE-F5DC-4C1B-953A-3A7BBE38A7BD}.BldRls|Any CPU.ActiveCfg = Release|Any CPU
		{39F4C6FE-F5DC-4C1B-953A-3A7BBE38A7BD}.BldRls|Any CPU.Build.0 = Release|Any CPU
		{39F4C6FE-F5DC-4C1B-953A-3A7BBE38A7BD}.BldRls|x64.ActiveCfg = Release|Any CPU
		{39F4C6FE-F5DC-4C1B-953A-3A7BBE38A7BD}.BldRls|x64.Build.0 = Release|Any CPU
		{39F4C6FE-F5DC-4C1B-953A-3A7BBE38A7BD}.BldRls|x86.ActiveCfg = Release|Any CPU
		{39F4C6FE-F5DC-4C1B-953A-3A7BBE38A7BD}.BldRls|x86.Build.0 = Release|Any CPU
		{39F4C6FE-F5DC-4C1B-953A-3A7BBE38A7BD}.Debug|Any CPU.ActiveCfg = Debug|Any CPU
		{39F4C6FE-F5DC-4C1B-953A-3A7BBE38A7BD}.Debug|Any CPU.Build.0 = Debug|Any CPU
		{39F4C6FE-F5DC-4C1B-953A-3A7BBE38A7BD}.Debug|x64.ActiveCfg = Debug|Any CPU
		{39F4C6FE-F5DC-4C1B-953A-3A7BBE38A7BD}.Debug|x64.Build.0 = Debug|Any CPU
		{39F4C6FE-F5DC-4C1B-953A-3A7BBE38A7BD}.Debug|x86.ActiveCfg = Debug|Any CPU
		{39F4C6FE-F5DC-4C1B-953A-3A7BBE38A7BD}.Debug|x86.Build.0 = Debug|Any CPU
		{39F4C6FE-F5DC-4C1B-953A-3A7BBE38A7BD}.Release|Any CPU.ActiveCfg = Release|Any CPU
		{39F4C6FE-F5DC-4C1B-953A-3A7BBE38A7BD}.Release|Any CPU.Build.0 = Release|Any CPU
		{39F4C6FE-F5DC-4C1B-953A-3A7BBE38A7BD}.Release|x64.ActiveCfg = Release|x64
		{39F4C6FE-F5DC-4C1B-953A-3A7BBE38A7BD}.Release|x64.Build.0 = Release|x64
		{39F4C6FE-F5DC-4C1B-953A-3A7BBE38A7BD}.Release|x86.ActiveCfg = Release|Any CPU
		{39F4C6FE-F5DC-4C1B-953A-3A7BBE38A7BD}.Release|x86.Build.0 = Release|Any CPU
		{370C26E1-87E2-48BE-A4C0-07AA520F7038}.BldRls|Any CPU.ActiveCfg = Release|Any CPU
		{370C26E1-87E2-48BE-A4C0-07AA520F7038}.BldRls|Any CPU.Build.0 = Release|Any CPU
		{370C26E1-87E2-48BE-A4C0-07AA520F7038}.BldRls|x64.ActiveCfg = Release|Any CPU
		{370C26E1-87E2-48BE-A4C0-07AA520F7038}.BldRls|x64.Build.0 = Release|Any CPU
		{370C26E1-87E2-48BE-A4C0-07AA520F7038}.BldRls|x86.ActiveCfg = Release|Any CPU
		{370C26E1-87E2-48BE-A4C0-07AA520F7038}.BldRls|x86.Build.0 = Release|Any CPU
		{370C26E1-87E2-48BE-A4C0-07AA520F7038}.Debug|Any CPU.ActiveCfg = Debug|Any CPU
		{370C26E1-87E2-48BE-A4C0-07AA520F7038}.Debug|Any CPU.Build.0 = Debug|Any CPU
		{370C26E1-87E2-48BE-A4C0-07AA520F7038}.Debug|x64.ActiveCfg = Debug|Any CPU
		{370C26E1-87E2-48BE-A4C0-07AA520F7038}.Debug|x64.Build.0 = Debug|Any CPU
		{370C26E1-87E2-48BE-A4C0-07AA520F7038}.Debug|x86.ActiveCfg = Debug|Any CPU
		{370C26E1-87E2-48BE-A4C0-07AA520F7038}.Debug|x86.Build.0 = Debug|Any CPU
		{370C26E1-87E2-48BE-A4C0-07AA520F7038}.Release|Any CPU.ActiveCfg = Release|Any CPU
		{370C26E1-87E2-48BE-A4C0-07AA520F7038}.Release|Any CPU.Build.0 = Release|Any CPU
		{370C26E1-87E2-48BE-A4C0-07AA520F7038}.Release|x64.ActiveCfg = Release|x64
		{370C26E1-87E2-48BE-A4C0-07AA520F7038}.Release|x64.Build.0 = Release|x64
		{370C26E1-87E2-48BE-A4C0-07AA520F7038}.Release|x86.ActiveCfg = Release|Any CPU
		{370C26E1-87E2-48BE-A4C0-07AA520F7038}.Release|x86.Build.0 = Release|Any CPU
		{7DCD700A-855A-488F-9677-9040FC37CB2A}.BldRls|Any CPU.ActiveCfg = Release|Any CPU
		{7DCD700A-855A-488F-9677-9040FC37CB2A}.BldRls|Any CPU.Build.0 = Release|Any CPU
		{7DCD700A-855A-488F-9677-9040FC37CB2A}.BldRls|x64.ActiveCfg = Release|Any CPU
		{7DCD700A-855A-488F-9677-9040FC37CB2A}.BldRls|x64.Build.0 = Release|Any CPU
		{7DCD700A-855A-488F-9677-9040FC37CB2A}.BldRls|x86.ActiveCfg = Release|Any CPU
		{7DCD700A-855A-488F-9677-9040FC37CB2A}.BldRls|x86.Build.0 = Release|Any CPU
		{7DCD700A-855A-488F-9677-9040FC37CB2A}.Debug|Any CPU.ActiveCfg = Debug|Any CPU
		{7DCD700A-855A-488F-9677-9040FC37CB2A}.Debug|Any CPU.Build.0 = Debug|Any CPU
		{7DCD700A-855A-488F-9677-9040FC37CB2A}.Debug|x64.ActiveCfg = Debug|Any CPU
		{7DCD700A-855A-488F-9677-9040FC37CB2A}.Debug|x64.Build.0 = Debug|Any CPU
		{7DCD700A-855A-488F-9677-9040FC37CB2A}.Debug|x86.ActiveCfg = Debug|Any CPU
		{7DCD700A-855A-488F-9677-9040FC37CB2A}.Debug|x86.Build.0 = Debug|Any CPU
		{7DCD700A-855A-488F-9677-9040FC37CB2A}.Release|Any CPU.ActiveCfg = Release|Any CPU
		{7DCD700A-855A-488F-9677-9040FC37CB2A}.Release|Any CPU.Build.0 = Release|Any CPU
		{7DCD700A-855A-488F-9677-9040FC37CB2A}.Release|x64.ActiveCfg = Release|x64
		{7DCD700A-855A-488F-9677-9040FC37CB2A}.Release|x64.Build.0 = Release|x64
		{7DCD700A-855A-488F-9677-9040FC37CB2A}.Release|x86.ActiveCfg = Release|Any CPU
		{7DCD700A-855A-488F-9677-9040FC37CB2A}.Release|x86.Build.0 = Release|Any CPU
		{55790680-8106-4C39-B11F-6322CA42403F}.BldRls|Any CPU.ActiveCfg = Release|Any CPU
		{55790680-8106-4C39-B11F-6322CA42403F}.BldRls|Any CPU.Build.0 = Release|Any CPU
		{55790680-8106-4C39-B11F-6322CA42403F}.BldRls|x64.ActiveCfg = Release|Any CPU
		{55790680-8106-4C39-B11F-6322CA42403F}.BldRls|x64.Build.0 = Release|Any CPU
		{55790680-8106-4C39-B11F-6322CA42403F}.BldRls|x86.ActiveCfg = Release|Any CPU
		{55790680-8106-4C39-B11F-6322CA42403F}.BldRls|x86.Build.0 = Release|Any CPU
		{55790680-8106-4C39-B11F-6322CA42403F}.Debug|Any CPU.ActiveCfg = Debug|Any CPU
		{55790680-8106-4C39-B11F-6322CA42403F}.Debug|Any CPU.Build.0 = Debug|Any CPU
		{55790680-8106-4C39-B11F-6322CA42403F}.Debug|x64.ActiveCfg = Debug|Any CPU
		{55790680-8106-4C39-B11F-6322CA42403F}.Debug|x64.Build.0 = Debug|Any CPU
		{55790680-8106-4C39-B11F-6322CA42403F}.Debug|x86.ActiveCfg = Debug|Any CPU
		{55790680-8106-4C39-B11F-6322CA42403F}.Debug|x86.Build.0 = Debug|Any CPU
		{55790680-8106-4C39-B11F-6322CA42403F}.Release|Any CPU.ActiveCfg = Release|Any CPU
		{55790680-8106-4C39-B11F-6322CA42403F}.Release|Any CPU.Build.0 = Release|Any CPU
		{55790680-8106-4C39-B11F-6322CA42403F}.Release|x64.ActiveCfg = Release|x64
		{55790680-8106-4C39-B11F-6322CA42403F}.Release|x64.Build.0 = Release|x64
		{55790680-8106-4C39-B11F-6322CA42403F}.Release|x86.ActiveCfg = Release|Any CPU
		{55790680-8106-4C39-B11F-6322CA42403F}.Release|x86.Build.0 = Release|Any CPU
		{A5CDC420-73A9-4903-8557-C602C2F363C4}.BldRls|Any CPU.ActiveCfg = Release|Any CPU
		{A5CDC420-73A9-4903-8557-C602C2F363C4}.BldRls|Any CPU.Build.0 = Release|Any CPU
		{A5CDC420-73A9-4903-8557-C602C2F363C4}.BldRls|x64.ActiveCfg = Release|Any CPU
		{A5CDC420-73A9-4903-8557-C602C2F363C4}.BldRls|x64.Build.0 = Release|Any CPU
		{A5CDC420-73A9-4903-8557-C602C2F363C4}.BldRls|x86.ActiveCfg = Release|Any CPU
		{A5CDC420-73A9-4903-8557-C602C2F363C4}.BldRls|x86.Build.0 = Release|Any CPU
		{A5CDC420-73A9-4903-8557-C602C2F363C4}.Debug|Any CPU.ActiveCfg = Debug|Any CPU
		{A5CDC420-73A9-4903-8557-C602C2F363C4}.Debug|Any CPU.Build.0 = Debug|Any CPU
		{A5CDC420-73A9-4903-8557-C602C2F363C4}.Debug|x64.ActiveCfg = Debug|Any CPU
		{A5CDC420-73A9-4903-8557-C602C2F363C4}.Debug|x64.Build.0 = Debug|Any CPU
		{A5CDC420-73A9-4903-8557-C602C2F363C4}.Debug|x86.ActiveCfg = Debug|Any CPU
		{A5CDC420-73A9-4903-8557-C602C2F363C4}.Debug|x86.Build.0 = Debug|Any CPU
		{A5CDC420-73A9-4903-8557-C602C2F363C4}.Release|Any CPU.ActiveCfg = Release|Any CPU
		{A5CDC420-73A9-4903-8557-C602C2F363C4}.Release|Any CPU.Build.0 = Release|Any CPU
		{A5CDC420-73A9-4903-8557-C602C2F363C4}.Release|x64.ActiveCfg = Release|x64
		{A5CDC420-73A9-4903-8557-C602C2F363C4}.Release|x64.Build.0 = Release|x64
		{A5CDC420-73A9-4903-8557-C602C2F363C4}.Release|x86.ActiveCfg = Release|Any CPU
		{A5CDC420-73A9-4903-8557-C602C2F363C4}.Release|x86.Build.0 = Release|Any CPU
		{87417D25-283A-4403-B009-8004A2ACA311}.BldRls|Any CPU.ActiveCfg = Release|Any CPU
		{87417D25-283A-4403-B009-8004A2ACA311}.BldRls|Any CPU.Build.0 = Release|Any CPU
		{87417D25-283A-4403-B009-8004A2ACA311}.BldRls|x64.ActiveCfg = Release|x64
		{87417D25-283A-4403-B009-8004A2ACA311}.BldRls|x64.Build.0 = Release|x64
		{87417D25-283A-4403-B009-8004A2ACA311}.BldRls|x86.ActiveCfg = Release|Any CPU
		{87417D25-283A-4403-B009-8004A2ACA311}.BldRls|x86.Build.0 = Release|Any CPU
		{87417D25-283A-4403-B009-8004A2ACA311}.Debug|Any CPU.ActiveCfg = Debug|Any CPU
		{87417D25-283A-4403-B009-8004A2ACA311}.Debug|Any CPU.Build.0 = Debug|Any CPU
		{87417D25-283A-4403-B009-8004A2ACA311}.Debug|x64.ActiveCfg = Debug|x64
		{87417D25-283A-4403-B009-8004A2ACA311}.Debug|x64.Build.0 = Debug|x64
		{87417D25-283A-4403-B009-8004A2ACA311}.Debug|x86.ActiveCfg = Debug|Any CPU
		{87417D25-283A-4403-B009-8004A2ACA311}.Debug|x86.Build.0 = Debug|Any CPU
		{87417D25-283A-4403-B009-8004A2ACA311}.Release|Any CPU.ActiveCfg = Release|Any CPU
		{87417D25-283A-4403-B009-8004A2ACA311}.Release|Any CPU.Build.0 = Release|Any CPU
		{87417D25-283A-4403-B009-8004A2ACA311}.Release|x64.ActiveCfg = Release|x64
		{87417D25-283A-4403-B009-8004A2ACA311}.Release|x64.Build.0 = Release|x64
		{87417D25-283A-4403-B009-8004A2ACA311}.Release|x86.ActiveCfg = Release|Any CPU
		{87417D25-283A-4403-B009-8004A2ACA311}.Release|x86.Build.0 = Release|Any CPU
		{D18377EE-97BC-4C42-A5B7-3AA4AA06A2E1}.BldRls|Any CPU.ActiveCfg = Release|Any CPU
		{D18377EE-97BC-4C42-A5B7-3AA4AA06A2E1}.BldRls|Any CPU.Build.0 = Release|Any CPU
		{D18377EE-97BC-4C42-A5B7-3AA4AA06A2E1}.BldRls|x64.ActiveCfg = Debug|x64
		{D18377EE-97BC-4C42-A5B7-3AA4AA06A2E1}.BldRls|x64.Build.0 = Debug|x64
		{D18377EE-97BC-4C42-A5B7-3AA4AA06A2E1}.BldRls|x86.ActiveCfg = Release|Any CPU
		{D18377EE-97BC-4C42-A5B7-3AA4AA06A2E1}.BldRls|x86.Build.0 = Release|Any CPU
		{D18377EE-97BC-4C42-A5B7-3AA4AA06A2E1}.Debug|Any CPU.ActiveCfg = Debug|Any CPU
		{D18377EE-97BC-4C42-A5B7-3AA4AA06A2E1}.Debug|Any CPU.Build.0 = Debug|Any CPU
		{D18377EE-97BC-4C42-A5B7-3AA4AA06A2E1}.Debug|x64.ActiveCfg = Debug|Any CPU
		{D18377EE-97BC-4C42-A5B7-3AA4AA06A2E1}.Debug|x64.Build.0 = Debug|Any CPU
		{D18377EE-97BC-4C42-A5B7-3AA4AA06A2E1}.Debug|x86.ActiveCfg = Debug|Any CPU
		{D18377EE-97BC-4C42-A5B7-3AA4AA06A2E1}.Debug|x86.Build.0 = Debug|Any CPU
		{D18377EE-97BC-4C42-A5B7-3AA4AA06A2E1}.Release|Any CPU.ActiveCfg = Release|Any CPU
		{D18377EE-97BC-4C42-A5B7-3AA4AA06A2E1}.Release|Any CPU.Build.0 = Release|Any CPU
		{D18377EE-97BC-4C42-A5B7-3AA4AA06A2E1}.Release|x64.ActiveCfg = Release|x64
		{D18377EE-97BC-4C42-A5B7-3AA4AA06A2E1}.Release|x64.Build.0 = Release|x64
		{D18377EE-97BC-4C42-A5B7-3AA4AA06A2E1}.Release|x86.ActiveCfg = Release|Any CPU
		{D18377EE-97BC-4C42-A5B7-3AA4AA06A2E1}.Release|x86.Build.0 = Release|Any CPU
		{EEA90109-2D68-48CF-A391-372D8D495D11}.BldRls|Any CPU.ActiveCfg = Release|Any CPU
		{EEA90109-2D68-48CF-A391-372D8D495D11}.BldRls|Any CPU.Build.0 = Release|Any CPU
		{EEA90109-2D68-48CF-A391-372D8D495D11}.BldRls|x64.ActiveCfg = Release|x64
		{EEA90109-2D68-48CF-A391-372D8D495D11}.BldRls|x64.Build.0 = Release|x64
		{EEA90109-2D68-48CF-A391-372D8D495D11}.BldRls|x86.ActiveCfg = Release|Any CPU
		{EEA90109-2D68-48CF-A391-372D8D495D11}.BldRls|x86.Build.0 = Release|Any CPU
		{EEA90109-2D68-48CF-A391-372D8D495D11}.Debug|Any CPU.ActiveCfg = Debug|Any CPU
		{EEA90109-2D68-48CF-A391-372D8D495D11}.Debug|Any CPU.Build.0 = Debug|Any CPU
		{EEA90109-2D68-48CF-A391-372D8D495D11}.Debug|x64.ActiveCfg = Debug|x64
		{EEA90109-2D68-48CF-A391-372D8D495D11}.Debug|x64.Build.0 = Debug|x64
		{EEA90109-2D68-48CF-A391-372D8D495D11}.Debug|x86.ActiveCfg = Debug|Any CPU
		{EEA90109-2D68-48CF-A391-372D8D495D11}.Debug|x86.Build.0 = Debug|Any CPU
		{EEA90109-2D68-48CF-A391-372D8D495D11}.Release|Any CPU.ActiveCfg = Release|Any CPU
		{EEA90109-2D68-48CF-A391-372D8D495D11}.Release|Any CPU.Build.0 = Release|Any CPU
		{EEA90109-2D68-48CF-A391-372D8D495D11}.Release|x64.ActiveCfg = Release|x64
		{EEA90109-2D68-48CF-A391-372D8D495D11}.Release|x64.Build.0 = Release|x64
		{EEA90109-2D68-48CF-A391-372D8D495D11}.Release|x86.ActiveCfg = Release|Any CPU
		{EEA90109-2D68-48CF-A391-372D8D495D11}.Release|x86.Build.0 = Release|Any CPU
		{AC9A4A00-59F9-40E0-A342-7C12CE210DF2}.BldRls|Any CPU.ActiveCfg = Debug|Any CPU
		{AC9A4A00-59F9-40E0-A342-7C12CE210DF2}.BldRls|Any CPU.Build.0 = Debug|Any CPU
		{AC9A4A00-59F9-40E0-A342-7C12CE210DF2}.BldRls|x64.ActiveCfg = Debug|x64
		{AC9A4A00-59F9-40E0-A342-7C12CE210DF2}.BldRls|x64.Build.0 = Debug|x64
		{AC9A4A00-59F9-40E0-A342-7C12CE210DF2}.BldRls|x86.ActiveCfg = Debug|Any CPU
		{AC9A4A00-59F9-40E0-A342-7C12CE210DF2}.BldRls|x86.Build.0 = Debug|Any CPU
		{AC9A4A00-59F9-40E0-A342-7C12CE210DF2}.Debug|Any CPU.ActiveCfg = Debug|Any CPU
		{AC9A4A00-59F9-40E0-A342-7C12CE210DF2}.Debug|Any CPU.Build.0 = Debug|Any CPU
		{AC9A4A00-59F9-40E0-A342-7C12CE210DF2}.Debug|x64.ActiveCfg = Debug|x64
		{AC9A4A00-59F9-40E0-A342-7C12CE210DF2}.Debug|x64.Build.0 = Debug|x64
		{AC9A4A00-59F9-40E0-A342-7C12CE210DF2}.Debug|x86.ActiveCfg = Debug|Any CPU
		{AC9A4A00-59F9-40E0-A342-7C12CE210DF2}.Debug|x86.Build.0 = Debug|Any CPU
		{AC9A4A00-59F9-40E0-A342-7C12CE210DF2}.Release|Any CPU.ActiveCfg = Release|Any CPU
		{AC9A4A00-59F9-40E0-A342-7C12CE210DF2}.Release|Any CPU.Build.0 = Release|Any CPU
		{AC9A4A00-59F9-40E0-A342-7C12CE210DF2}.Release|x64.ActiveCfg = Release|x64
		{AC9A4A00-59F9-40E0-A342-7C12CE210DF2}.Release|x64.Build.0 = Release|x64
		{AC9A4A00-59F9-40E0-A342-7C12CE210DF2}.Release|x86.ActiveCfg = Release|Any CPU
		{AC9A4A00-59F9-40E0-A342-7C12CE210DF2}.Release|x86.Build.0 = Release|Any CPU
		{7B55AE48-463B-456C-AE36-8F71289A717D}.BldRls|Any CPU.ActiveCfg = Debug|Any CPU
		{7B55AE48-463B-456C-AE36-8F71289A717D}.BldRls|Any CPU.Build.0 = Debug|Any CPU
		{7B55AE48-463B-456C-AE36-8F71289A717D}.BldRls|x64.ActiveCfg = Debug|x64
		{7B55AE48-463B-456C-AE36-8F71289A717D}.BldRls|x64.Build.0 = Debug|x64
		{7B55AE48-463B-456C-AE36-8F71289A717D}.BldRls|x86.ActiveCfg = Debug|Any CPU
		{7B55AE48-463B-456C-AE36-8F71289A717D}.BldRls|x86.Build.0 = Debug|Any CPU
		{7B55AE48-463B-456C-AE36-8F71289A717D}.Debug|Any CPU.ActiveCfg = Debug|Any CPU
		{7B55AE48-463B-456C-AE36-8F71289A717D}.Debug|Any CPU.Build.0 = Debug|Any CPU
		{7B55AE48-463B-456C-AE36-8F71289A717D}.Debug|x64.ActiveCfg = Debug|x64
		{7B55AE48-463B-456C-AE36-8F71289A717D}.Debug|x64.Build.0 = Debug|x64
		{7B55AE48-463B-456C-AE36-8F71289A717D}.Debug|x86.ActiveCfg = Debug|Any CPU
		{7B55AE48-463B-456C-AE36-8F71289A717D}.Debug|x86.Build.0 = Debug|Any CPU
		{7B55AE48-463B-456C-AE36-8F71289A717D}.Release|Any CPU.ActiveCfg = Release|Any CPU
		{7B55AE48-463B-456C-AE36-8F71289A717D}.Release|Any CPU.Build.0 = Release|Any CPU
		{7B55AE48-463B-456C-AE36-8F71289A717D}.Release|x64.ActiveCfg = Release|x64
		{7B55AE48-463B-456C-AE36-8F71289A717D}.Release|x64.Build.0 = Release|x64
		{7B55AE48-463B-456C-AE36-8F71289A717D}.Release|x86.ActiveCfg = Release|Any CPU
		{7B55AE48-463B-456C-AE36-8F71289A717D}.Release|x86.Build.0 = Release|Any CPU
		{EC118EF4-A900-4096-BC20-EBECB6D5DDF8}.BldRls|Any CPU.ActiveCfg = Debug|Any CPU
		{EC118EF4-A900-4096-BC20-EBECB6D5DDF8}.BldRls|Any CPU.Build.0 = Debug|Any CPU
		{EC118EF4-A900-4096-BC20-EBECB6D5DDF8}.BldRls|x64.ActiveCfg = Debug|Any CPU
		{EC118EF4-A900-4096-BC20-EBECB6D5DDF8}.BldRls|x64.Build.0 = Debug|Any CPU
		{EC118EF4-A900-4096-BC20-EBECB6D5DDF8}.BldRls|x86.ActiveCfg = Debug|Any CPU
		{EC118EF4-A900-4096-BC20-EBECB6D5DDF8}.BldRls|x86.Build.0 = Debug|Any CPU
		{EC118EF4-A900-4096-BC20-EBECB6D5DDF8}.Debug|Any CPU.ActiveCfg = Debug|Any CPU
		{EC118EF4-A900-4096-BC20-EBECB6D5DDF8}.Debug|Any CPU.Build.0 = Debug|Any CPU
		{EC118EF4-A900-4096-BC20-EBECB6D5DDF8}.Debug|x64.ActiveCfg = Debug|Any CPU
		{EC118EF4-A900-4096-BC20-EBECB6D5DDF8}.Debug|x64.Build.0 = Debug|Any CPU
		{EC118EF4-A900-4096-BC20-EBECB6D5DDF8}.Debug|x86.ActiveCfg = Debug|Any CPU
		{EC118EF4-A900-4096-BC20-EBECB6D5DDF8}.Debug|x86.Build.0 = Debug|Any CPU
		{EC118EF4-A900-4096-BC20-EBECB6D5DDF8}.Release|Any CPU.ActiveCfg = Release|Any CPU
		{EC118EF4-A900-4096-BC20-EBECB6D5DDF8}.Release|Any CPU.Build.0 = Release|Any CPU
		{EC118EF4-A900-4096-BC20-EBECB6D5DDF8}.Release|x64.ActiveCfg = Release|x64
		{EC118EF4-A900-4096-BC20-EBECB6D5DDF8}.Release|x64.Build.0 = Release|x64
		{EC118EF4-A900-4096-BC20-EBECB6D5DDF8}.Release|x86.ActiveCfg = Release|Any CPU
		{EC118EF4-A900-4096-BC20-EBECB6D5DDF8}.Release|x86.Build.0 = Release|Any CPU
		{4CB815FE-7A2A-4132-9F96-DDDDE6B65E0B}.BldRls|Any CPU.ActiveCfg = Debug|Any CPU
		{4CB815FE-7A2A-4132-9F96-DDDDE6B65E0B}.BldRls|Any CPU.Build.0 = Debug|Any CPU
		{4CB815FE-7A2A-4132-9F96-DDDDE6B65E0B}.BldRls|x64.ActiveCfg = Debug|Any CPU
		{4CB815FE-7A2A-4132-9F96-DDDDE6B65E0B}.BldRls|x64.Build.0 = Debug|Any CPU
		{4CB815FE-7A2A-4132-9F96-DDDDE6B65E0B}.BldRls|x86.ActiveCfg = Debug|Any CPU
		{4CB815FE-7A2A-4132-9F96-DDDDE6B65E0B}.BldRls|x86.Build.0 = Debug|Any CPU
		{4CB815FE-7A2A-4132-9F96-DDDDE6B65E0B}.Debug|Any CPU.ActiveCfg = Debug|Any CPU
		{4CB815FE-7A2A-4132-9F96-DDDDE6B65E0B}.Debug|Any CPU.Build.0 = Debug|Any CPU
		{4CB815FE-7A2A-4132-9F96-DDDDE6B65E0B}.Debug|x64.ActiveCfg = Debug|Any CPU
		{4CB815FE-7A2A-4132-9F96-DDDDE6B65E0B}.Debug|x64.Build.0 = Debug|Any CPU
		{4CB815FE-7A2A-4132-9F96-DDDDE6B65E0B}.Debug|x86.ActiveCfg = Debug|Any CPU
		{4CB815FE-7A2A-4132-9F96-DDDDE6B65E0B}.Debug|x86.Build.0 = Debug|Any CPU
		{4CB815FE-7A2A-4132-9F96-DDDDE6B65E0B}.Release|Any CPU.ActiveCfg = Release|Any CPU
		{4CB815FE-7A2A-4132-9F96-DDDDE6B65E0B}.Release|Any CPU.Build.0 = Release|Any CPU
		{4CB815FE-7A2A-4132-9F96-DDDDE6B65E0B}.Release|x64.ActiveCfg = Release|x64
		{4CB815FE-7A2A-4132-9F96-DDDDE6B65E0B}.Release|x64.Build.0 = Release|x64
		{4CB815FE-7A2A-4132-9F96-DDDDE6B65E0B}.Release|x86.ActiveCfg = Release|Any CPU
		{4CB815FE-7A2A-4132-9F96-DDDDE6B65E0B}.Release|x86.Build.0 = Release|Any CPU
		{950A67DB-ED45-4440-9484-969686457CDF}.BldRls|Any CPU.ActiveCfg = Debug|Any CPU
		{950A67DB-ED45-4440-9484-969686457CDF}.BldRls|Any CPU.Build.0 = Debug|Any CPU
		{950A67DB-ED45-4440-9484-969686457CDF}.BldRls|x64.ActiveCfg = Debug|Any CPU
		{950A67DB-ED45-4440-9484-969686457CDF}.BldRls|x64.Build.0 = Debug|Any CPU
		{950A67DB-ED45-4440-9484-969686457CDF}.BldRls|x86.ActiveCfg = Debug|Any CPU
		{950A67DB-ED45-4440-9484-969686457CDF}.BldRls|x86.Build.0 = Debug|Any CPU
		{950A67DB-ED45-4440-9484-969686457CDF}.Debug|Any CPU.ActiveCfg = Debug|Any CPU
		{950A67DB-ED45-4440-9484-969686457CDF}.Debug|Any CPU.Build.0 = Debug|Any CPU
		{950A67DB-ED45-4440-9484-969686457CDF}.Debug|x64.ActiveCfg = Debug|Any CPU
		{950A67DB-ED45-4440-9484-969686457CDF}.Debug|x64.Build.0 = Debug|Any CPU
		{950A67DB-ED45-4440-9484-969686457CDF}.Debug|x86.ActiveCfg = Debug|Any CPU
		{950A67DB-ED45-4440-9484-969686457CDF}.Debug|x86.Build.0 = Debug|Any CPU
		{950A67DB-ED45-4440-9484-969686457CDF}.Release|Any CPU.ActiveCfg = Release|Any CPU
		{950A67DB-ED45-4440-9484-969686457CDF}.Release|Any CPU.Build.0 = Release|Any CPU
		{950A67DB-ED45-4440-9484-969686457CDF}.Release|x64.ActiveCfg = Release|x64
		{950A67DB-ED45-4440-9484-969686457CDF}.Release|x64.Build.0 = Release|x64
		{950A67DB-ED45-4440-9484-969686457CDF}.Release|x86.ActiveCfg = Release|Any CPU
		{950A67DB-ED45-4440-9484-969686457CDF}.Release|x86.Build.0 = Release|Any CPU
		{E711036F-C7E5-40FC-A7C3-8A9B1D9D3D79}.BldRls|Any CPU.ActiveCfg = Debug|Any CPU
		{E711036F-C7E5-40FC-A7C3-8A9B1D9D3D79}.BldRls|Any CPU.Build.0 = Debug|Any CPU
		{E711036F-C7E5-40FC-A7C3-8A9B1D9D3D79}.BldRls|x64.ActiveCfg = Debug|Any CPU
		{E711036F-C7E5-40FC-A7C3-8A9B1D9D3D79}.BldRls|x64.Build.0 = Debug|Any CPU
		{E711036F-C7E5-40FC-A7C3-8A9B1D9D3D79}.BldRls|x86.ActiveCfg = Debug|Any CPU
		{E711036F-C7E5-40FC-A7C3-8A9B1D9D3D79}.BldRls|x86.Build.0 = Debug|Any CPU
		{E711036F-C7E5-40FC-A7C3-8A9B1D9D3D79}.Debug|Any CPU.ActiveCfg = Debug|Any CPU
		{E711036F-C7E5-40FC-A7C3-8A9B1D9D3D79}.Debug|Any CPU.Build.0 = Debug|Any CPU
		{E711036F-C7E5-40FC-A7C3-8A9B1D9D3D79}.Debug|x64.ActiveCfg = Debug|Any CPU
		{E711036F-C7E5-40FC-A7C3-8A9B1D9D3D79}.Debug|x64.Build.0 = Debug|Any CPU
		{E711036F-C7E5-40FC-A7C3-8A9B1D9D3D79}.Debug|x86.ActiveCfg = Debug|Any CPU
		{E711036F-C7E5-40FC-A7C3-8A9B1D9D3D79}.Debug|x86.Build.0 = Debug|Any CPU
		{E711036F-C7E5-40FC-A7C3-8A9B1D9D3D79}.Release|Any CPU.ActiveCfg = Release|Any CPU
		{E711036F-C7E5-40FC-A7C3-8A9B1D9D3D79}.Release|Any CPU.Build.0 = Release|Any CPU
		{E711036F-C7E5-40FC-A7C3-8A9B1D9D3D79}.Release|x64.ActiveCfg = Release|x64
		{E711036F-C7E5-40FC-A7C3-8A9B1D9D3D79}.Release|x64.Build.0 = Release|x64
		{E711036F-C7E5-40FC-A7C3-8A9B1D9D3D79}.Release|x86.ActiveCfg = Release|Any CPU
		{E711036F-C7E5-40FC-A7C3-8A9B1D9D3D79}.Release|x86.Build.0 = Release|Any CPU
		{63619F05-8092-48E7-9D12-068372737438}.BldRls|Any CPU.ActiveCfg = Debug|Any CPU
		{63619F05-8092-48E7-9D12-068372737438}.BldRls|Any CPU.Build.0 = Debug|Any CPU
		{63619F05-8092-48E7-9D12-068372737438}.BldRls|x64.ActiveCfg = Debug|Any CPU
		{63619F05-8092-48E7-9D12-068372737438}.BldRls|x64.Build.0 = Debug|Any CPU
		{63619F05-8092-48E7-9D12-068372737438}.BldRls|x86.ActiveCfg = Debug|Any CPU
		{63619F05-8092-48E7-9D12-068372737438}.BldRls|x86.Build.0 = Debug|Any CPU
		{63619F05-8092-48E7-9D12-068372737438}.Debug|Any CPU.ActiveCfg = Debug|Any CPU
		{63619F05-8092-48E7-9D12-068372737438}.Debug|Any CPU.Build.0 = Debug|Any CPU
		{63619F05-8092-48E7-9D12-068372737438}.Debug|x64.ActiveCfg = Debug|Any CPU
		{63619F05-8092-48E7-9D12-068372737438}.Debug|x64.Build.0 = Debug|Any CPU
		{63619F05-8092-48E7-9D12-068372737438}.Debug|x86.ActiveCfg = Debug|Any CPU
		{63619F05-8092-48E7-9D12-068372737438}.Debug|x86.Build.0 = Debug|Any CPU
		{63619F05-8092-48E7-9D12-068372737438}.Release|Any CPU.ActiveCfg = Release|Any CPU
		{63619F05-8092-48E7-9D12-068372737438}.Release|Any CPU.Build.0 = Release|Any CPU
		{63619F05-8092-48E7-9D12-068372737438}.Release|x64.ActiveCfg = Release|x64
		{63619F05-8092-48E7-9D12-068372737438}.Release|x64.Build.0 = Release|x64
		{63619F05-8092-48E7-9D12-068372737438}.Release|x86.ActiveCfg = Release|Any CPU
		{63619F05-8092-48E7-9D12-068372737438}.Release|x86.Build.0 = Release|Any CPU
		{F4FD574E-648D-438A-818F-60012D26432B}.BldRls|Any CPU.ActiveCfg = Debug|Any CPU
		{F4FD574E-648D-438A-818F-60012D26432B}.BldRls|Any CPU.Build.0 = Debug|Any CPU
		{F4FD574E-648D-438A-818F-60012D26432B}.BldRls|x64.ActiveCfg = Debug|Any CPU
		{F4FD574E-648D-438A-818F-60012D26432B}.BldRls|x64.Build.0 = Debug|Any CPU
		{F4FD574E-648D-438A-818F-60012D26432B}.BldRls|x86.ActiveCfg = Debug|Any CPU
		{F4FD574E-648D-438A-818F-60012D26432B}.BldRls|x86.Build.0 = Debug|Any CPU
		{F4FD574E-648D-438A-818F-60012D26432B}.Debug|Any CPU.ActiveCfg = Debug|Any CPU
		{F4FD574E-648D-438A-818F-60012D26432B}.Debug|Any CPU.Build.0 = Debug|Any CPU
		{F4FD574E-648D-438A-818F-60012D26432B}.Debug|x64.ActiveCfg = Debug|Any CPU
		{F4FD574E-648D-438A-818F-60012D26432B}.Debug|x64.Build.0 = Debug|Any CPU
		{F4FD574E-648D-438A-818F-60012D26432B}.Debug|x86.ActiveCfg = Debug|Any CPU
		{F4FD574E-648D-438A-818F-60012D26432B}.Debug|x86.Build.0 = Debug|Any CPU
		{F4FD574E-648D-438A-818F-60012D26432B}.Release|Any CPU.ActiveCfg = Release|Any CPU
		{F4FD574E-648D-438A-818F-60012D26432B}.Release|Any CPU.Build.0 = Release|Any CPU
		{F4FD574E-648D-438A-818F-60012D26432B}.Release|x64.ActiveCfg = Release|x64
		{F4FD574E-648D-438A-818F-60012D26432B}.Release|x64.Build.0 = Release|x64
		{F4FD574E-648D-438A-818F-60012D26432B}.Release|x86.ActiveCfg = Release|Any CPU
		{F4FD574E-648D-438A-818F-60012D26432B}.Release|x86.Build.0 = Release|Any CPU
		{DE09C831-4BFF-4CC3-AB6F-2D2372623FC9}.BldRls|Any CPU.ActiveCfg = Debug|Any CPU
		{DE09C831-4BFF-4CC3-AB6F-2D2372623FC9}.BldRls|Any CPU.Build.0 = Debug|Any CPU
		{DE09C831-4BFF-4CC3-AB6F-2D2372623FC9}.BldRls|x64.ActiveCfg = Debug|Any CPU
		{DE09C831-4BFF-4CC3-AB6F-2D2372623FC9}.BldRls|x64.Build.0 = Debug|Any CPU
		{DE09C831-4BFF-4CC3-AB6F-2D2372623FC9}.BldRls|x86.ActiveCfg = Debug|Any CPU
		{DE09C831-4BFF-4CC3-AB6F-2D2372623FC9}.BldRls|x86.Build.0 = Debug|Any CPU
		{DE09C831-4BFF-4CC3-AB6F-2D2372623FC9}.Debug|Any CPU.ActiveCfg = Debug|Any CPU
		{DE09C831-4BFF-4CC3-AB6F-2D2372623FC9}.Debug|Any CPU.Build.0 = Debug|Any CPU
		{DE09C831-4BFF-4CC3-AB6F-2D2372623FC9}.Debug|x64.ActiveCfg = Debug|Any CPU
		{DE09C831-4BFF-4CC3-AB6F-2D2372623FC9}.Debug|x64.Build.0 = Debug|Any CPU
		{DE09C831-4BFF-4CC3-AB6F-2D2372623FC9}.Debug|x86.ActiveCfg = Debug|Any CPU
		{DE09C831-4BFF-4CC3-AB6F-2D2372623FC9}.Debug|x86.Build.0 = Debug|Any CPU
		{DE09C831-4BFF-4CC3-AB6F-2D2372623FC9}.Release|Any CPU.ActiveCfg = Release|Any CPU
		{DE09C831-4BFF-4CC3-AB6F-2D2372623FC9}.Release|Any CPU.Build.0 = Release|Any CPU
		{DE09C831-4BFF-4CC3-AB6F-2D2372623FC9}.Release|x64.ActiveCfg = Release|x64
		{DE09C831-4BFF-4CC3-AB6F-2D2372623FC9}.Release|x64.Build.0 = Release|x64
		{DE09C831-4BFF-4CC3-AB6F-2D2372623FC9}.Release|x86.ActiveCfg = Release|Any CPU
		{DE09C831-4BFF-4CC3-AB6F-2D2372623FC9}.Release|x86.Build.0 = Release|Any CPU
		{41645197-0642-4824-BDE7-65B1740AC88D}.BldRls|Any CPU.ActiveCfg = Debug|Any CPU
		{41645197-0642-4824-BDE7-65B1740AC88D}.BldRls|Any CPU.Build.0 = Debug|Any CPU
		{41645197-0642-4824-BDE7-65B1740AC88D}.BldRls|x64.ActiveCfg = Debug|Any CPU
		{41645197-0642-4824-BDE7-65B1740AC88D}.BldRls|x64.Build.0 = Debug|Any CPU
		{41645197-0642-4824-BDE7-65B1740AC88D}.BldRls|x86.ActiveCfg = Debug|Any CPU
		{41645197-0642-4824-BDE7-65B1740AC88D}.BldRls|x86.Build.0 = Debug|Any CPU
		{41645197-0642-4824-BDE7-65B1740AC88D}.Debug|Any CPU.ActiveCfg = Debug|Any CPU
		{41645197-0642-4824-BDE7-65B1740AC88D}.Debug|Any CPU.Build.0 = Debug|Any CPU
		{41645197-0642-4824-BDE7-65B1740AC88D}.Debug|x64.ActiveCfg = Debug|Any CPU
		{41645197-0642-4824-BDE7-65B1740AC88D}.Debug|x64.Build.0 = Debug|Any CPU
		{41645197-0642-4824-BDE7-65B1740AC88D}.Debug|x86.ActiveCfg = Debug|Any CPU
		{41645197-0642-4824-BDE7-65B1740AC88D}.Debug|x86.Build.0 = Debug|Any CPU
		{41645197-0642-4824-BDE7-65B1740AC88D}.Release|Any CPU.ActiveCfg = Release|Any CPU
		{41645197-0642-4824-BDE7-65B1740AC88D}.Release|Any CPU.Build.0 = Release|Any CPU
		{41645197-0642-4824-BDE7-65B1740AC88D}.Release|x64.ActiveCfg = Release|x64
		{41645197-0642-4824-BDE7-65B1740AC88D}.Release|x64.Build.0 = Release|x64
		{41645197-0642-4824-BDE7-65B1740AC88D}.Release|x86.ActiveCfg = Release|Any CPU
		{41645197-0642-4824-BDE7-65B1740AC88D}.Release|x86.Build.0 = Release|Any CPU
		{AEBECAF1-A331-47EC-AE6B-66DED7ED87EF}.BldRls|Any CPU.ActiveCfg = Debug|Any CPU
		{AEBECAF1-A331-47EC-AE6B-66DED7ED87EF}.BldRls|Any CPU.Build.0 = Debug|Any CPU
		{AEBECAF1-A331-47EC-AE6B-66DED7ED87EF}.BldRls|x64.ActiveCfg = Debug|Any CPU
		{AEBECAF1-A331-47EC-AE6B-66DED7ED87EF}.BldRls|x64.Build.0 = Debug|Any CPU
		{AEBECAF1-A331-47EC-AE6B-66DED7ED87EF}.BldRls|x86.ActiveCfg = Debug|Any CPU
		{AEBECAF1-A331-47EC-AE6B-66DED7ED87EF}.BldRls|x86.Build.0 = Debug|Any CPU
		{AEBECAF1-A331-47EC-AE6B-66DED7ED87EF}.Debug|Any CPU.ActiveCfg = Debug|Any CPU
		{AEBECAF1-A331-47EC-AE6B-66DED7ED87EF}.Debug|Any CPU.Build.0 = Debug|Any CPU
		{AEBECAF1-A331-47EC-AE6B-66DED7ED87EF}.Debug|x64.ActiveCfg = Debug|Any CPU
		{AEBECAF1-A331-47EC-AE6B-66DED7ED87EF}.Debug|x64.Build.0 = Debug|Any CPU
		{AEBECAF1-A331-47EC-AE6B-66DED7ED87EF}.Debug|x86.ActiveCfg = Debug|Any CPU
		{AEBECAF1-A331-47EC-AE6B-66DED7ED87EF}.Debug|x86.Build.0 = Debug|Any CPU
		{AEBECAF1-A331-47EC-AE6B-66DED7ED87EF}.Release|Any CPU.ActiveCfg = Release|Any CPU
		{AEBECAF1-A331-47EC-AE6B-66DED7ED87EF}.Release|Any CPU.Build.0 = Release|Any CPU
		{AEBECAF1-A331-47EC-AE6B-66DED7ED87EF}.Release|x64.ActiveCfg = Release|x64
		{AEBECAF1-A331-47EC-AE6B-66DED7ED87EF}.Release|x64.Build.0 = Release|x64
		{AEBECAF1-A331-47EC-AE6B-66DED7ED87EF}.Release|x86.ActiveCfg = Release|Any CPU
		{AEBECAF1-A331-47EC-AE6B-66DED7ED87EF}.Release|x86.Build.0 = Release|Any CPU
		{7F032004-E85E-439C-94E8-2546EBE39255}.BldRls|Any CPU.ActiveCfg = Debug|Any CPU
		{7F032004-E85E-439C-94E8-2546EBE39255}.BldRls|Any CPU.Build.0 = Debug|Any CPU
		{7F032004-E85E-439C-94E8-2546EBE39255}.BldRls|x64.ActiveCfg = Debug|Any CPU
		{7F032004-E85E-439C-94E8-2546EBE39255}.BldRls|x64.Build.0 = Debug|Any CPU
		{7F032004-E85E-439C-94E8-2546EBE39255}.BldRls|x86.ActiveCfg = Debug|Any CPU
		{7F032004-E85E-439C-94E8-2546EBE39255}.BldRls|x86.Build.0 = Debug|Any CPU
		{7F032004-E85E-439C-94E8-2546EBE39255}.Debug|Any CPU.ActiveCfg = Debug|Any CPU
		{7F032004-E85E-439C-94E8-2546EBE39255}.Debug|Any CPU.Build.0 = Debug|Any CPU
		{7F032004-E85E-439C-94E8-2546EBE39255}.Debug|x64.ActiveCfg = Debug|Any CPU
		{7F032004-E85E-439C-94E8-2546EBE39255}.Debug|x64.Build.0 = Debug|Any CPU
		{7F032004-E85E-439C-94E8-2546EBE39255}.Debug|x86.ActiveCfg = Debug|Any CPU
		{7F032004-E85E-439C-94E8-2546EBE39255}.Debug|x86.Build.0 = Debug|Any CPU
		{7F032004-E85E-439C-94E8-2546EBE39255}.Release|Any CPU.ActiveCfg = Release|Any CPU
		{7F032004-E85E-439C-94E8-2546EBE39255}.Release|Any CPU.Build.0 = Release|Any CPU
		{7F032004-E85E-439C-94E8-2546EBE39255}.Release|x64.ActiveCfg = Release|x64
		{7F032004-E85E-439C-94E8-2546EBE39255}.Release|x64.Build.0 = Release|x64
		{7F032004-E85E-439C-94E8-2546EBE39255}.Release|x86.ActiveCfg = Release|Any CPU
		{7F032004-E85E-439C-94E8-2546EBE39255}.Release|x86.Build.0 = Release|Any CPU
		{B46DCBF6-1101-4F1F-BD6B-FCA49D59ADCD}.BldRls|Any CPU.ActiveCfg = Debug|Any CPU
		{B46DCBF6-1101-4F1F-BD6B-FCA49D59ADCD}.BldRls|Any CPU.Build.0 = Debug|Any CPU
		{B46DCBF6-1101-4F1F-BD6B-FCA49D59ADCD}.BldRls|x64.ActiveCfg = Debug|Any CPU
		{B46DCBF6-1101-4F1F-BD6B-FCA49D59ADCD}.BldRls|x64.Build.0 = Debug|Any CPU
		{B46DCBF6-1101-4F1F-BD6B-FCA49D59ADCD}.BldRls|x86.ActiveCfg = Debug|Any CPU
		{B46DCBF6-1101-4F1F-BD6B-FCA49D59ADCD}.BldRls|x86.Build.0 = Debug|Any CPU
		{B46DCBF6-1101-4F1F-BD6B-FCA49D59ADCD}.Debug|Any CPU.ActiveCfg = Debug|Any CPU
		{B46DCBF6-1101-4F1F-BD6B-FCA49D59ADCD}.Debug|Any CPU.Build.0 = Debug|Any CPU
		{B46DCBF6-1101-4F1F-BD6B-FCA49D59ADCD}.Debug|x64.ActiveCfg = Debug|Any CPU
		{B46DCBF6-1101-4F1F-BD6B-FCA49D59ADCD}.Debug|x64.Build.0 = Debug|Any CPU
		{B46DCBF6-1101-4F1F-BD6B-FCA49D59ADCD}.Debug|x86.ActiveCfg = Debug|Any CPU
		{B46DCBF6-1101-4F1F-BD6B-FCA49D59ADCD}.Debug|x86.Build.0 = Debug|Any CPU
		{B46DCBF6-1101-4F1F-BD6B-FCA49D59ADCD}.Release|Any CPU.ActiveCfg = Release|Any CPU
		{B46DCBF6-1101-4F1F-BD6B-FCA49D59ADCD}.Release|Any CPU.Build.0 = Release|Any CPU
		{B46DCBF6-1101-4F1F-BD6B-FCA49D59ADCD}.Release|x64.ActiveCfg = Release|Any CPU
		{B46DCBF6-1101-4F1F-BD6B-FCA49D59ADCD}.Release|x64.Build.0 = Release|Any CPU
		{B46DCBF6-1101-4F1F-BD6B-FCA49D59ADCD}.Release|x86.ActiveCfg = Release|Any CPU
		{B46DCBF6-1101-4F1F-BD6B-FCA49D59ADCD}.Release|x86.Build.0 = Release|Any CPU
		{6487B0D9-46DC-4E18-88C2-3FD0690D6460}.BldRls|Any CPU.ActiveCfg = Debug|Any CPU
		{6487B0D9-46DC-4E18-88C2-3FD0690D6460}.BldRls|Any CPU.Build.0 = Debug|Any CPU
		{6487B0D9-46DC-4E18-88C2-3FD0690D6460}.BldRls|x64.ActiveCfg = Debug|Any CPU
		{6487B0D9-46DC-4E18-88C2-3FD0690D6460}.BldRls|x64.Build.0 = Debug|Any CPU
		{6487B0D9-46DC-4E18-88C2-3FD0690D6460}.BldRls|x86.ActiveCfg = Debug|Any CPU
		{6487B0D9-46DC-4E18-88C2-3FD0690D6460}.BldRls|x86.Build.0 = Debug|Any CPU
		{6487B0D9-46DC-4E18-88C2-3FD0690D6460}.Debug|Any CPU.ActiveCfg = Debug|Any CPU
		{6487B0D9-46DC-4E18-88C2-3FD0690D6460}.Debug|Any CPU.Build.0 = Debug|Any CPU
		{6487B0D9-46DC-4E18-88C2-3FD0690D6460}.Debug|x64.ActiveCfg = Debug|Any CPU
		{6487B0D9-46DC-4E18-88C2-3FD0690D6460}.Debug|x64.Build.0 = Debug|Any CPU
		{6487B0D9-46DC-4E18-88C2-3FD0690D6460}.Debug|x86.ActiveCfg = Debug|Any CPU
		{6487B0D9-46DC-4E18-88C2-3FD0690D6460}.Debug|x86.Build.0 = Debug|Any CPU
		{6487B0D9-46DC-4E18-88C2-3FD0690D6460}.Release|Any CPU.ActiveCfg = Release|Any CPU
		{6487B0D9-46DC-4E18-88C2-3FD0690D6460}.Release|Any CPU.Build.0 = Release|Any CPU
		{6487B0D9-46DC-4E18-88C2-3FD0690D6460}.Release|x64.ActiveCfg = Release|x64
		{6487B0D9-46DC-4E18-88C2-3FD0690D6460}.Release|x64.Build.0 = Release|x64
		{6487B0D9-46DC-4E18-88C2-3FD0690D6460}.Release|x86.ActiveCfg = Release|Any CPU
		{6487B0D9-46DC-4E18-88C2-3FD0690D6460}.Release|x86.Build.0 = Release|Any CPU
		{CB49302A-1672-4F2D-A22C-FB468D45200B}.BldRls|Any CPU.ActiveCfg = Debug|Any CPU
		{CB49302A-1672-4F2D-A22C-FB468D45200B}.BldRls|Any CPU.Build.0 = Debug|Any CPU
		{CB49302A-1672-4F2D-A22C-FB468D45200B}.BldRls|x64.ActiveCfg = Debug|Any CPU
		{CB49302A-1672-4F2D-A22C-FB468D45200B}.BldRls|x64.Build.0 = Debug|Any CPU
		{CB49302A-1672-4F2D-A22C-FB468D45200B}.BldRls|x86.ActiveCfg = Debug|Any CPU
		{CB49302A-1672-4F2D-A22C-FB468D45200B}.BldRls|x86.Build.0 = Debug|Any CPU
		{CB49302A-1672-4F2D-A22C-FB468D45200B}.Debug|Any CPU.ActiveCfg = Debug|Any CPU
		{CB49302A-1672-4F2D-A22C-FB468D45200B}.Debug|Any CPU.Build.0 = Debug|Any CPU
		{CB49302A-1672-4F2D-A22C-FB468D45200B}.Debug|x64.ActiveCfg = Debug|Any CPU
		{CB49302A-1672-4F2D-A22C-FB468D45200B}.Debug|x64.Build.0 = Debug|Any CPU
		{CB49302A-1672-4F2D-A22C-FB468D45200B}.Debug|x86.ActiveCfg = Debug|Any CPU
		{CB49302A-1672-4F2D-A22C-FB468D45200B}.Debug|x86.Build.0 = Debug|Any CPU
		{CB49302A-1672-4F2D-A22C-FB468D45200B}.Release|Any CPU.ActiveCfg = Release|Any CPU
		{CB49302A-1672-4F2D-A22C-FB468D45200B}.Release|Any CPU.Build.0 = Release|Any CPU
		{CB49302A-1672-4F2D-A22C-FB468D45200B}.Release|x64.ActiveCfg = Release|x64
		{CB49302A-1672-4F2D-A22C-FB468D45200B}.Release|x64.Build.0 = Release|x64
		{CB49302A-1672-4F2D-A22C-FB468D45200B}.Release|x86.ActiveCfg = Release|Any CPU
		{CB49302A-1672-4F2D-A22C-FB468D45200B}.Release|x86.Build.0 = Release|Any CPU
		{848D39E4-E2D8-4636-B2D0-16A3E9E06FF8}.BldRls|Any CPU.ActiveCfg = Debug|Any CPU
		{848D39E4-E2D8-4636-B2D0-16A3E9E06FF8}.BldRls|Any CPU.Build.0 = Debug|Any CPU
		{848D39E4-E2D8-4636-B2D0-16A3E9E06FF8}.BldRls|x64.ActiveCfg = Debug|Any CPU
		{848D39E4-E2D8-4636-B2D0-16A3E9E06FF8}.BldRls|x64.Build.0 = Debug|Any CPU
		{848D39E4-E2D8-4636-B2D0-16A3E9E06FF8}.BldRls|x86.ActiveCfg = Debug|Any CPU
		{848D39E4-E2D8-4636-B2D0-16A3E9E06FF8}.BldRls|x86.Build.0 = Debug|Any CPU
		{848D39E4-E2D8-4636-B2D0-16A3E9E06FF8}.Debug|Any CPU.ActiveCfg = Debug|Any CPU
		{848D39E4-E2D8-4636-B2D0-16A3E9E06FF8}.Debug|Any CPU.Build.0 = Debug|Any CPU
		{848D39E4-E2D8-4636-B2D0-16A3E9E06FF8}.Debug|x64.ActiveCfg = Debug|Any CPU
		{848D39E4-E2D8-4636-B2D0-16A3E9E06FF8}.Debug|x64.Build.0 = Debug|Any CPU
		{848D39E4-E2D8-4636-B2D0-16A3E9E06FF8}.Debug|x86.ActiveCfg = Debug|Any CPU
		{848D39E4-E2D8-4636-B2D0-16A3E9E06FF8}.Debug|x86.Build.0 = Debug|Any CPU
		{848D39E4-E2D8-4636-B2D0-16A3E9E06FF8}.Release|Any CPU.ActiveCfg = Release|Any CPU
		{848D39E4-E2D8-4636-B2D0-16A3E9E06FF8}.Release|Any CPU.Build.0 = Release|Any CPU
		{848D39E4-E2D8-4636-B2D0-16A3E9E06FF8}.Release|x64.ActiveCfg = Release|x64
		{848D39E4-E2D8-4636-B2D0-16A3E9E06FF8}.Release|x64.Build.0 = Release|x64
		{848D39E4-E2D8-4636-B2D0-16A3E9E06FF8}.Release|x86.ActiveCfg = Release|Any CPU
		{848D39E4-E2D8-4636-B2D0-16A3E9E06FF8}.Release|x86.Build.0 = Release|Any CPU
		{E7392DAD-3360-451F-95C4-3FEDE5790B7D}.BldRls|Any CPU.ActiveCfg = Debug|Any CPU
		{E7392DAD-3360-451F-95C4-3FEDE5790B7D}.BldRls|Any CPU.Build.0 = Debug|Any CPU
		{E7392DAD-3360-451F-95C4-3FEDE5790B7D}.BldRls|x64.ActiveCfg = Debug|Any CPU
		{E7392DAD-3360-451F-95C4-3FEDE5790B7D}.BldRls|x64.Build.0 = Debug|Any CPU
		{E7392DAD-3360-451F-95C4-3FEDE5790B7D}.BldRls|x86.ActiveCfg = Debug|Any CPU
		{E7392DAD-3360-451F-95C4-3FEDE5790B7D}.BldRls|x86.Build.0 = Debug|Any CPU
		{E7392DAD-3360-451F-95C4-3FEDE5790B7D}.Debug|Any CPU.ActiveCfg = Debug|Any CPU
		{E7392DAD-3360-451F-95C4-3FEDE5790B7D}.Debug|Any CPU.Build.0 = Debug|Any CPU
		{E7392DAD-3360-451F-95C4-3FEDE5790B7D}.Debug|x64.ActiveCfg = Debug|Any CPU
		{E7392DAD-3360-451F-95C4-3FEDE5790B7D}.Debug|x64.Build.0 = Debug|Any CPU
		{E7392DAD-3360-451F-95C4-3FEDE5790B7D}.Debug|x86.ActiveCfg = Debug|Any CPU
		{E7392DAD-3360-451F-95C4-3FEDE5790B7D}.Debug|x86.Build.0 = Debug|Any CPU
		{E7392DAD-3360-451F-95C4-3FEDE5790B7D}.Release|Any CPU.ActiveCfg = Release|Any CPU
		{E7392DAD-3360-451F-95C4-3FEDE5790B7D}.Release|Any CPU.Build.0 = Release|Any CPU
		{E7392DAD-3360-451F-95C4-3FEDE5790B7D}.Release|x64.ActiveCfg = Release|x64
		{E7392DAD-3360-451F-95C4-3FEDE5790B7D}.Release|x64.Build.0 = Release|x64
		{E7392DAD-3360-451F-95C4-3FEDE5790B7D}.Release|x86.ActiveCfg = Release|Any CPU
		{E7392DAD-3360-451F-95C4-3FEDE5790B7D}.Release|x86.Build.0 = Release|Any CPU
		{1FC5BFE6-C5CB-488A-8182-53B7D05C4D25}.BldRls|Any CPU.ActiveCfg = Debug|Any CPU
		{1FC5BFE6-C5CB-488A-8182-53B7D05C4D25}.BldRls|Any CPU.Build.0 = Debug|Any CPU
		{1FC5BFE6-C5CB-488A-8182-53B7D05C4D25}.BldRls|x64.ActiveCfg = Debug|Any CPU
		{1FC5BFE6-C5CB-488A-8182-53B7D05C4D25}.BldRls|x64.Build.0 = Debug|Any CPU
		{1FC5BFE6-C5CB-488A-8182-53B7D05C4D25}.BldRls|x86.ActiveCfg = Debug|Any CPU
		{1FC5BFE6-C5CB-488A-8182-53B7D05C4D25}.BldRls|x86.Build.0 = Debug|Any CPU
		{1FC5BFE6-C5CB-488A-8182-53B7D05C4D25}.Debug|Any CPU.ActiveCfg = Debug|Any CPU
		{1FC5BFE6-C5CB-488A-8182-53B7D05C4D25}.Debug|Any CPU.Build.0 = Debug|Any CPU
		{1FC5BFE6-C5CB-488A-8182-53B7D05C4D25}.Debug|x64.ActiveCfg = Debug|Any CPU
		{1FC5BFE6-C5CB-488A-8182-53B7D05C4D25}.Debug|x64.Build.0 = Debug|Any CPU
		{1FC5BFE6-C5CB-488A-8182-53B7D05C4D25}.Debug|x86.ActiveCfg = Debug|Any CPU
		{1FC5BFE6-C5CB-488A-8182-53B7D05C4D25}.Debug|x86.Build.0 = Debug|Any CPU
		{1FC5BFE6-C5CB-488A-8182-53B7D05C4D25}.Release|Any CPU.ActiveCfg = Release|Any CPU
		{1FC5BFE6-C5CB-488A-8182-53B7D05C4D25}.Release|Any CPU.Build.0 = Release|Any CPU
		{1FC5BFE6-C5CB-488A-8182-53B7D05C4D25}.Release|x64.ActiveCfg = Release|x64
		{1FC5BFE6-C5CB-488A-8182-53B7D05C4D25}.Release|x64.Build.0 = Release|x64
		{1FC5BFE6-C5CB-488A-8182-53B7D05C4D25}.Release|x86.ActiveCfg = Release|Any CPU
		{1FC5BFE6-C5CB-488A-8182-53B7D05C4D25}.Release|x86.Build.0 = Release|Any CPU
		{669F1077-BBB9-4224-ACB0-E2D30D770BC9}.BldRls|Any CPU.ActiveCfg = Debug|Any CPU
		{669F1077-BBB9-4224-ACB0-E2D30D770BC9}.BldRls|Any CPU.Build.0 = Debug|Any CPU
		{669F1077-BBB9-4224-ACB0-E2D30D770BC9}.BldRls|x64.ActiveCfg = Debug|Any CPU
		{669F1077-BBB9-4224-ACB0-E2D30D770BC9}.BldRls|x64.Build.0 = Debug|Any CPU
		{669F1077-BBB9-4224-ACB0-E2D30D770BC9}.BldRls|x86.ActiveCfg = Debug|Any CPU
		{669F1077-BBB9-4224-ACB0-E2D30D770BC9}.BldRls|x86.Build.0 = Debug|Any CPU
		{669F1077-BBB9-4224-ACB0-E2D30D770BC9}.Debug|Any CPU.ActiveCfg = Debug|Any CPU
		{669F1077-BBB9-4224-ACB0-E2D30D770BC9}.Debug|Any CPU.Build.0 = Debug|Any CPU
		{669F1077-BBB9-4224-ACB0-E2D30D770BC9}.Debug|x64.ActiveCfg = Debug|Any CPU
		{669F1077-BBB9-4224-ACB0-E2D30D770BC9}.Debug|x64.Build.0 = Debug|Any CPU
		{669F1077-BBB9-4224-ACB0-E2D30D770BC9}.Debug|x86.ActiveCfg = Debug|Any CPU
		{669F1077-BBB9-4224-ACB0-E2D30D770BC9}.Debug|x86.Build.0 = Debug|Any CPU
		{669F1077-BBB9-4224-ACB0-E2D30D770BC9}.Release|Any CPU.ActiveCfg = Release|Any CPU
		{669F1077-BBB9-4224-ACB0-E2D30D770BC9}.Release|Any CPU.Build.0 = Release|Any CPU
		{669F1077-BBB9-4224-ACB0-E2D30D770BC9}.Release|x64.ActiveCfg = Release|x64
		{669F1077-BBB9-4224-ACB0-E2D30D770BC9}.Release|x64.Build.0 = Release|x64
		{669F1077-BBB9-4224-ACB0-E2D30D770BC9}.Release|x86.ActiveCfg = Release|Any CPU
		{669F1077-BBB9-4224-ACB0-E2D30D770BC9}.Release|x86.Build.0 = Release|Any CPU
		{D25B082A-B010-416F-B1BB-127DFFBD0AF9}.BldRls|Any CPU.ActiveCfg = Debug|Any CPU
		{D25B082A-B010-416F-B1BB-127DFFBD0AF9}.BldRls|Any CPU.Build.0 = Debug|Any CPU
		{D25B082A-B010-416F-B1BB-127DFFBD0AF9}.BldRls|x64.ActiveCfg = Debug|Any CPU
		{D25B082A-B010-416F-B1BB-127DFFBD0AF9}.BldRls|x64.Build.0 = Debug|Any CPU
		{D25B082A-B010-416F-B1BB-127DFFBD0AF9}.BldRls|x86.ActiveCfg = Debug|Any CPU
		{D25B082A-B010-416F-B1BB-127DFFBD0AF9}.BldRls|x86.Build.0 = Debug|Any CPU
		{D25B082A-B010-416F-B1BB-127DFFBD0AF9}.Debug|Any CPU.ActiveCfg = Debug|Any CPU
		{D25B082A-B010-416F-B1BB-127DFFBD0AF9}.Debug|Any CPU.Build.0 = Debug|Any CPU
		{D25B082A-B010-416F-B1BB-127DFFBD0AF9}.Debug|x64.ActiveCfg = Debug|Any CPU
		{D25B082A-B010-416F-B1BB-127DFFBD0AF9}.Debug|x64.Build.0 = Debug|Any CPU
		{D25B082A-B010-416F-B1BB-127DFFBD0AF9}.Debug|x86.ActiveCfg = Debug|Any CPU
		{D25B082A-B010-416F-B1BB-127DFFBD0AF9}.Debug|x86.Build.0 = Debug|Any CPU
		{D25B082A-B010-416F-B1BB-127DFFBD0AF9}.Release|Any CPU.ActiveCfg = Release|Any CPU
		{D25B082A-B010-416F-B1BB-127DFFBD0AF9}.Release|Any CPU.Build.0 = Release|Any CPU
		{D25B082A-B010-416F-B1BB-127DFFBD0AF9}.Release|x64.ActiveCfg = Release|Any CPU
		{D25B082A-B010-416F-B1BB-127DFFBD0AF9}.Release|x64.Build.0 = Release|Any CPU
		{D25B082A-B010-416F-B1BB-127DFFBD0AF9}.Release|x86.ActiveCfg = Release|Any CPU
		{D25B082A-B010-416F-B1BB-127DFFBD0AF9}.Release|x86.Build.0 = Release|Any CPU
		{DF6A77A1-AEC4-4826-91A1-6CF1ABE7F7DD}.BldRls|Any CPU.ActiveCfg = Debug|Any CPU
		{DF6A77A1-AEC4-4826-91A1-6CF1ABE7F7DD}.BldRls|Any CPU.Build.0 = Debug|Any CPU
		{DF6A77A1-AEC4-4826-91A1-6CF1ABE7F7DD}.BldRls|x64.ActiveCfg = Debug|Any CPU
		{DF6A77A1-AEC4-4826-91A1-6CF1ABE7F7DD}.BldRls|x64.Build.0 = Debug|Any CPU
		{DF6A77A1-AEC4-4826-91A1-6CF1ABE7F7DD}.BldRls|x86.ActiveCfg = Debug|Any CPU
		{DF6A77A1-AEC4-4826-91A1-6CF1ABE7F7DD}.BldRls|x86.Build.0 = Debug|Any CPU
		{DF6A77A1-AEC4-4826-91A1-6CF1ABE7F7DD}.Debug|Any CPU.ActiveCfg = Debug|Any CPU
		{DF6A77A1-AEC4-4826-91A1-6CF1ABE7F7DD}.Debug|Any CPU.Build.0 = Debug|Any CPU
		{DF6A77A1-AEC4-4826-91A1-6CF1ABE7F7DD}.Debug|x64.ActiveCfg = Debug|Any CPU
		{DF6A77A1-AEC4-4826-91A1-6CF1ABE7F7DD}.Debug|x64.Build.0 = Debug|Any CPU
		{DF6A77A1-AEC4-4826-91A1-6CF1ABE7F7DD}.Debug|x86.ActiveCfg = Debug|Any CPU
		{DF6A77A1-AEC4-4826-91A1-6CF1ABE7F7DD}.Debug|x86.Build.0 = Debug|Any CPU
		{DF6A77A1-AEC4-4826-91A1-6CF1ABE7F7DD}.Release|Any CPU.ActiveCfg = Release|Any CPU
		{DF6A77A1-AEC4-4826-91A1-6CF1ABE7F7DD}.Release|Any CPU.Build.0 = Release|Any CPU
		{DF6A77A1-AEC4-4826-91A1-6CF1ABE7F7DD}.Release|x64.ActiveCfg = Release|Any CPU
		{DF6A77A1-AEC4-4826-91A1-6CF1ABE7F7DD}.Release|x64.Build.0 = Release|Any CPU
		{DF6A77A1-AEC4-4826-91A1-6CF1ABE7F7DD}.Release|x86.ActiveCfg = Release|Any CPU
		{DF6A77A1-AEC4-4826-91A1-6CF1ABE7F7DD}.Release|x86.Build.0 = Release|Any CPU
	EndGlobalSection
	GlobalSection(SolutionProperties) = preSolution
		HideSolutionNode = FALSE
	EndGlobalSection
	GlobalSection(NestedProjects) = preSolution
		{1424DC49-32EB-4D51-94D1-816596A57997} = {CB638E28-8738-4538-BDAA-0FA56ABC11EB}
		{06A6CCCE-F380-4346-8EE3-F4F34148F401} = {CB638E28-8738-4538-BDAA-0FA56ABC11EB}
		{FF8F5E61-059C-4BBB-9834-177C1F24CA23} = {CB638E28-8738-4538-BDAA-0FA56ABC11EB}
		{3ABAEC0F-2BA9-43B8-BC03-245FB39CAE24} = {CB638E28-8738-4538-BDAA-0FA56ABC11EB}
		{9F2B5F76-D4F7-48D8-B64B-36D3AFCA6335} = {CB638E28-8738-4538-BDAA-0FA56ABC11EB}
		{39F4C6FE-F5DC-4C1B-953A-3A7BBE38A7BD} = {CB638E28-8738-4538-BDAA-0FA56ABC11EB}
		{370C26E1-87E2-48BE-A4C0-07AA520F7038} = {CB638E28-8738-4538-BDAA-0FA56ABC11EB}
		{7DCD700A-855A-488F-9677-9040FC37CB2A} = {E076577B-F56C-4C44-9BD9-94C760B8016C}
		{55790680-8106-4C39-B11F-6322CA42403F} = {E076577B-F56C-4C44-9BD9-94C760B8016C}
		{87417D25-283A-4403-B009-8004A2ACA311} = {CB638E28-8738-4538-BDAA-0FA56ABC11EB}
		{D18377EE-97BC-4C42-A5B7-3AA4AA06A2E1} = {CB638E28-8738-4538-BDAA-0FA56ABC11EB}
		{EEA90109-2D68-48CF-A391-372D8D495D11} = {CB638E28-8738-4538-BDAA-0FA56ABC11EB}
		{AC9A4A00-59F9-40E0-A342-7C12CE210DF2} = {CB638E28-8738-4538-BDAA-0FA56ABC11EB}
		{7B55AE48-463B-456C-AE36-8F71289A717D} = {CB638E28-8738-4538-BDAA-0FA56ABC11EB}
		{EC118EF4-A900-4096-BC20-EBECB6D5DDF8} = {CB638E28-8738-4538-BDAA-0FA56ABC11EB}
		{4CB815FE-7A2A-4132-9F96-DDDDE6B65E0B} = {E076577B-F56C-4C44-9BD9-94C760B8016C}
		{E711036F-C7E5-40FC-A7C3-8A9B1D9D3D79} = {E076577B-F56C-4C44-9BD9-94C760B8016C}
		{63619F05-8092-48E7-9D12-068372737438} = {E076577B-F56C-4C44-9BD9-94C760B8016C}
		{F4FD574E-648D-438A-818F-60012D26432B} = {E076577B-F56C-4C44-9BD9-94C760B8016C}
		{DE09C831-4BFF-4CC3-AB6F-2D2372623FC9} = {E076577B-F56C-4C44-9BD9-94C760B8016C}
		{41645197-0642-4824-BDE7-65B1740AC88D} = {E076577B-F56C-4C44-9BD9-94C760B8016C}
		{AEBECAF1-A331-47EC-AE6B-66DED7ED87EF} = {E076577B-F56C-4C44-9BD9-94C760B8016C}
		{7F032004-E85E-439C-94E8-2546EBE39255} = {E076577B-F56C-4C44-9BD9-94C760B8016C}
		{CB49302A-1672-4F2D-A22C-FB468D45200B} = {CB638E28-8738-4538-BDAA-0FA56ABC11EB}
		{848D39E4-E2D8-4636-B2D0-16A3E9E06FF8} = {CB638E28-8738-4538-BDAA-0FA56ABC11EB}
		{E7392DAD-3360-451F-95C4-3FEDE5790B7D} = {CB638E28-8738-4538-BDAA-0FA56ABC11EB}
		{1FC5BFE6-C5CB-488A-8182-53B7D05C4D25} = {CB638E28-8738-4538-BDAA-0FA56ABC11EB}
		{D25B082A-B010-416F-B1BB-127DFFBD0AF9} = {CB638E28-8738-4538-BDAA-0FA56ABC11EB}
	EndGlobalSection
	GlobalSection(ExtensibilityGlobals) = postSolution
		SolutionGuid = {A19E7263-5923-46AE-992C-7EB5256D7A67}
	EndGlobalSection
EndGlobal
