
Microsoft Visual Studio Solution File, Format Version 12.00
# Visual Studio Version 16
VisualStudioVersion = 16.0.30711.63
MinimumVisualStudioVersion = 10.0.40219.1
Project("{FAE04EC0-301F-11D3-BF4B-00C04F79EFBC}") = "AlexPi.Scr", "AlexPi.Scr\AlexPi.Scr.csproj", "{0EFF12AF-5052-4BB7-89C0-B079BF4E3BAA}"
EndProject
Project("{FAE04EC0-301F-11D3-BF4B-00C04F79EFBC}") = "AAV.Sys", "AAV.Sys\AAV.Sys.csproj", "{D0D738AB-D633-4BB8-A3E8-8E0088E5255D}"
EndProject
Project("{FAE04EC0-301F-11D3-BF4B-00C04F79EFBC}") = "AAV.WPF", "AAV.WPF\AAV.WPF.csproj", "{FCDDBBBE-ADD4-4DFA-9100-562D64C058B5}"
EndProject
Global
	GlobalSection(SolutionConfigurationPlatforms) = preSolution
		Debug|Any CPU = Debug|Any CPU
		Release|Any CPU = Release|Any CPU
	EndGlobalSection
	GlobalSection(ProjectConfigurationPlatforms) = postSolution
		{0EFF12AF-5052-4BB7-89C0-B079BF4E3BAA}.Debug|Any CPU.ActiveCfg = Debug|Any CPU
		{0EFF12AF-5052-4BB7-89C0-B079BF4E3BAA}.Debug|Any CPU.Build.0 = Debug|Any CPU
		{0EFF12AF-5052-4BB7-89C0-B079BF4E3BAA}.Release|Any CPU.ActiveCfg = Release|Any CPU
		{0EFF12AF-5052-4BB7-89C0-B079BF4E3BAA}.Release|Any CPU.Build.0 = Release|Any CPU
		{D0D738AB-D633-4BB8-A3E8-8E0088E5255D}.Debug|Any CPU.ActiveCfg = Debug|Any CPU
		{D0D738AB-D633-4BB8-A3E8-8E0088E5255D}.Debug|Any CPU.Build.0 = Debug|Any CPU
		{D0D738AB-D633-4BB8-A3E8-8E0088E5255D}.Release|Any CPU.ActiveCfg = Release|Any CPU
		{D0D738AB-D633-4BB8-A3E8-8E0088E5255D}.Release|Any CPU.Build.0 = Release|Any CPU
		{FCDDBBBE-ADD4-4DFA-9100-562D64C058B5}.Debug|Any CPU.ActiveCfg = Debug|Any CPU
		{FCDDBBBE-ADD4-4DFA-9100-562D64C058B5}.Debug|Any CPU.Build.0 = Debug|Any CPU
		{FCDDBBBE-ADD4-4DFA-9100-562D64C058B5}.Release|Any CPU.ActiveCfg = Release|Any CPU
		{FCDDBBBE-ADD4-4DFA-9100-562D64C058B5}.Release|Any CPU.Build.0 = Release|Any CPU
	EndGlobalSection
	GlobalSection(SolutionProperties) = preSolution
		HideSolutionNode = FALSE
	EndGlobalSection
	GlobalSection(ExtensibilityGlobals) = postSolution
		SolutionGuid = {A19E7263-5923-46AE-992C-7EB5256D7A67}
	EndGlobalSection
EndGlobal
