
Microsoft Visual Studio Solution File, Format Version 12.00
# Visual Studio Version 17
VisualStudioVersion = 17.11.35005.142
MinimumVisualStudioVersion = 10.0.40219.1
Project("{9A19103F-16F7-4668-BE54-9A1E7A4F7556}") = "OleksaScrSvr.Contract", "OleksaScrSvr.Contract\OleksaScrSvr.Contract.csproj", "{50E3ACE4-1FA1-4744-A164-017149C24894}"
EndProject
Project("{9A19103F-16F7-4668-BE54-9A1E7A4F7556}") = "OleksaScrSvr.VM", "OleksaScrSvr.VM\OleksaScrSvr.VM.csproj", "{1704799B-EF80-4064-AA24-0A38B360179B}"
EndProject
Project("{9A19103F-16F7-4668-BE54-9A1E7A4F7556}") = "OleksaScrSvr", "OleksaScrSvr\OleksaScrSvr.csproj", "{B8F73320-F240-4748-97C6-7533DFBDE31D}"
EndProject
Project("{9A19103F-16F7-4668-BE54-9A1E7A4F7556}") = "LibraryImportLib", "..\..\..\AAV.Shared\Src\NetLts\LibraryImportLib\LibraryImportLib.csproj", "{0886E87E-4E7C-4592-A40E-6F400D6792BF}"
EndProject
Project("{9A19103F-16F7-4668-BE54-9A1E7A4F7556}") = "OpenVsOnTheCulpritLine", "..\..\..\Util\Src\OpenVsOnTheCulpritLine\OpenVsOnTheCulpritLine.csproj", "{CCD3E9FF-BDAC-4019-8956-852C2F7BC7C3}"
EndProject
Project("{9A19103F-16F7-4668-BE54-9A1E7A4F7556}") = "PhoneAreaCoder", "..\..\..\AAV.Shared\Src\NetLts\PhoneAreaCoder\PhoneAreaCoder.csproj", "{FAA04514-68DD-44A0-97EA-F8383A993A15}"
EndProject
Project("{9A19103F-16F7-4668-BE54-9A1E7A4F7556}") = "PeriodicTimerLib", "..\..\..\AAV.Shared\Src\NetLts\PeriodicTimerLib\PeriodicTimerLib.csproj", "{10554420-26F2-4E6E-8692-C91631A4F885}"
EndProject
Project("{FAE04EC0-301F-11D3-BF4B-00C04F79EFBC}") = "MsGraphLibBeta", "..\..\..\AAV.Shared\Src\NetLts\MsGraphLibBeta\MsGraphLibBeta.csproj", "{DE1620DC-154A-48F8-B751-84C18BFABCE2}"
EndProject
Project("{FAE04EC0-301F-11D3-BF4B-00C04F79EFBC}") = "MsGraphLibVer1", "..\..\..\AAV.Shared\Src\NetLts\MsGraphLib\MsGraphLibVer1.csproj", "{FD96630B-F21F-4A89-86EF-D6803302774D}"
EndProject
Project("{FAE04EC0-301F-11D3-BF4B-00C04F79EFBC}") = "MSGraphSlideshow", "MSGraphSlideshow\MSGraphSlideshow.csproj", "{AF457D67-56B9-4709-B0C2-68AC2CF6EA32}"
EndProject
Project("{FAE04EC0-301F-11D3-BF4B-00C04F79EFBC}") = "EventLogHelperLib", "..\..\..\AAV.Shared\Src\NetLts\EventLogHelperLib\EventLogHelperLib.csproj", "{DF1703F3-4411-40D9-92DB-B78BAB056DD4}"
EndProject
Project("{FAE04EC0-301F-11D3-BF4B-00C04F79EFBC}") = "ScreenTimeUsrCtrlLib", "ScreenTimeUsrCtrlLib\ScreenTimeUsrCtrlLib.csproj", "{95FE9E91-A609-482C-A07A-0028AEAB2937}"
EndProject
Project("{FAE04EC0-301F-11D3-BF4B-00C04F79EFBC}") = "Db.EventLog", "Db.EventLog\Db.EventLog.csproj", "{BF70B9BB-CCC4-41AB-AE83-B14A3B6C5510}"
EndProject
Project("{FAE04EC0-301F-11D3-BF4B-00C04F79EFBC}") = "Db.EventLog.Explorer", "Db.EventLog.Explorer\Db.EventLog.Explorer.csproj", "{F0AE80D6-5986-4B2F-9A1B-0C4A43B12C1B}"
EndProject
Project("{FAE04EC0-301F-11D3-BF4B-00C04F79EFBC}") = "StandardLib", "..\..\..\AAV.Shared\Src\NetLts\StandardLib\StandardLib.csproj", "{B530D23C-C34C-4787-A380-2FA79552AFD4}"
EndProject
Project("{FAE04EC0-301F-11D3-BF4B-00C04F79EFBC}") = "WpfUserControlLib", "..\..\..\AAV.Shared\Src\NetLts\WpfUserControlLib\WpfUserControlLib.csproj", "{A55323E3-2A19-48C9-9D43-0F0E09DFF6D8}"
EndProject
Project("{FAE04EC0-301F-11D3-BF4B-00C04F79EFBC}") = "OpenWeaLib", "..\..\..\Radar\Src\OpenWeaWpfApp\OpenWeaLib.csproj", "{B21C562D-C1F0-D026-6014-2B7F476A0D47}"
EndProject
Project("{FAE04EC0-301F-11D3-BF4B-00C04F79EFBC}") = "StandardContractsLib", "..\..\..\AAV.Shared\Src\NetLts\StandardContractsLib\StandardContractsLib.csproj", "{53154C7F-24C8-9213-ADDD-7D187B8AE1FE}"
EndProject
Project("{FAE04EC0-301F-11D3-BF4B-00C04F79EFBC}") = "DB.WeatherX.PwrTls", "..\..\..\Radar\Src\DB.WeatherX.PwrTls\DB.WeatherX.PwrTls.csproj", "{B4FED8E0-0992-8E60-16A4-1DF1C7FD4EF3}"
EndProject
Project("{FAE04EC0-301F-11D3-BF4B-00C04F79EFBC}") = "OpenMeteoClient", "..\..\..\Radar\Src\OpenMeteoClient\src\OpenMeteoClient\OpenMeteoClient.csproj", "{28AACC4B-A2B5-90DC-4ED8-B1CA0DB426E0}"
EndProject
Project("{FAE04EC0-301F-11D3-BF4B-00C04F79EFBC}") = "AmbienceLib", "..\..\..\AAV.Shared\Src\NetLts\Ambience\AmbienceLib.csproj", "{F56FEA69-348E-654A-94E3-CD3FC228FED7}"
EndProject
Project("{FAE04EC0-301F-11D3-BF4B-00C04F79EFBC}") = "Radar22.Lib", "..\..\..\Radar\Src\Radar22.Lib\Radar22.Lib.csproj", "{B79842CA-264F-51AB-7446-CDB813466DD6}"
EndProject
Project("{FAE04EC0-301F-11D3-BF4B-00C04F79EFBC}") = "PixelMeasure", "..\..\..\Radar\Src\PixelMeasure\PixelMeasure.csproj", "{7EE21D26-94A7-66B3-C870-F6C327219236}"
EndProject
Project("{FAE04EC0-301F-11D3-BF4B-00C04F79EFBC}") = "OpenWeaSvc", "..\..\..\Radar\Src\OpenWeather2022\OpenWeaSvc.csproj", "{5BD7D234-88AE-89D0-E79F-2780A790DF03}"
EndProject
Project("{FAE04EC0-301F-11D3-BF4B-00C04F79EFBC}") = "OleksaScrSvr.View", "OleksaScrSvr.View\OleksaScrSvr.View.csproj", "{18AB6DCC-3013-5EA1-3AE9-891DC539CEED}"
EndProject
Project("{FAE04EC0-301F-11D3-BF4B-00C04F79EFBC}") = "__DeleteMe", "__DeleteMe\__DeleteMe.csproj", "{3E2A8420-BD66-4A50-A595-67E31DA93776}"
EndProject
Global
	GlobalSection(SolutionConfigurationPlatforms) = preSolution
		Debug|Any CPU = Debug|Any CPU
		Debug|x64 = Debug|x64
		Debug|x86 = Debug|x86
		Release|Any CPU = Release|Any CPU
		Release|x64 = Release|x64
		Release|x86 = Release|x86
	EndGlobalSection
	GlobalSection(ProjectConfigurationPlatforms) = postSolution
		{50E3ACE4-1FA1-4744-A164-017149C24894}.Debug|Any CPU.ActiveCfg = Debug|Any CPU
		{50E3ACE4-1FA1-4744-A164-017149C24894}.Debug|Any CPU.Build.0 = Debug|Any CPU
		{50E3ACE4-1FA1-4744-A164-017149C24894}.Debug|x64.ActiveCfg = Debug|x64
		{50E3ACE4-1FA1-4744-A164-017149C24894}.Debug|x64.Build.0 = Debug|x64
		{50E3ACE4-1FA1-4744-A164-017149C24894}.Debug|x86.ActiveCfg = Debug|Any CPU
		{50E3ACE4-1FA1-4744-A164-017149C24894}.Debug|x86.Build.0 = Debug|Any CPU
		{50E3ACE4-1FA1-4744-A164-017149C24894}.Release|Any CPU.ActiveCfg = Release|Any CPU
		{50E3ACE4-1FA1-4744-A164-017149C24894}.Release|Any CPU.Build.0 = Release|Any CPU
		{50E3ACE4-1FA1-4744-A164-017149C24894}.Release|x64.ActiveCfg = Release|x64
		{50E3ACE4-1FA1-4744-A164-017149C24894}.Release|x64.Build.0 = Release|x64
		{50E3ACE4-1FA1-4744-A164-017149C24894}.Release|x86.ActiveCfg = Release|Any CPU
		{50E3ACE4-1FA1-4744-A164-017149C24894}.Release|x86.Build.0 = Release|Any CPU
		{1704799B-EF80-4064-AA24-0A38B360179B}.Debug|Any CPU.ActiveCfg = Debug|Any CPU
		{1704799B-EF80-4064-AA24-0A38B360179B}.Debug|Any CPU.Build.0 = Debug|Any CPU
		{1704799B-EF80-4064-AA24-0A38B360179B}.Debug|x64.ActiveCfg = Debug|x64
		{1704799B-EF80-4064-AA24-0A38B360179B}.Debug|x64.Build.0 = Debug|x64
		{1704799B-EF80-4064-AA24-0A38B360179B}.Debug|x86.ActiveCfg = Debug|Any CPU
		{1704799B-EF80-4064-AA24-0A38B360179B}.Debug|x86.Build.0 = Debug|Any CPU
		{1704799B-EF80-4064-AA24-0A38B360179B}.Release|Any CPU.ActiveCfg = Release|Any CPU
		{1704799B-EF80-4064-AA24-0A38B360179B}.Release|Any CPU.Build.0 = Release|Any CPU
		{1704799B-EF80-4064-AA24-0A38B360179B}.Release|x64.ActiveCfg = Release|x64
		{1704799B-EF80-4064-AA24-0A38B360179B}.Release|x64.Build.0 = Release|x64
		{1704799B-EF80-4064-AA24-0A38B360179B}.Release|x86.ActiveCfg = Release|Any CPU
		{1704799B-EF80-4064-AA24-0A38B360179B}.Release|x86.Build.0 = Release|Any CPU
		{B8F73320-F240-4748-97C6-7533DFBDE31D}.Debug|Any CPU.ActiveCfg = Debug|Any CPU
		{B8F73320-F240-4748-97C6-7533DFBDE31D}.Debug|Any CPU.Build.0 = Debug|Any CPU
		{B8F73320-F240-4748-97C6-7533DFBDE31D}.Debug|x64.ActiveCfg = Debug|x64
		{B8F73320-F240-4748-97C6-7533DFBDE31D}.Debug|x64.Build.0 = Debug|x64
		{B8F73320-F240-4748-97C6-7533DFBDE31D}.Debug|x86.ActiveCfg = Debug|Any CPU
		{B8F73320-F240-4748-97C6-7533DFBDE31D}.Debug|x86.Build.0 = Debug|Any CPU
		{B8F73320-F240-4748-97C6-7533DFBDE31D}.Release|Any CPU.ActiveCfg = Release|Any CPU
		{B8F73320-F240-4748-97C6-7533DFBDE31D}.Release|Any CPU.Build.0 = Release|Any CPU
		{B8F73320-F240-4748-97C6-7533DFBDE31D}.Release|x64.ActiveCfg = Release|x64
		{B8F73320-F240-4748-97C6-7533DFBDE31D}.Release|x64.Build.0 = Release|x64
		{B8F73320-F240-4748-97C6-7533DFBDE31D}.Release|x86.ActiveCfg = Release|Any CPU
		{B8F73320-F240-4748-97C6-7533DFBDE31D}.Release|x86.Build.0 = Release|Any CPU
		{0886E87E-4E7C-4592-A40E-6F400D6792BF}.Debug|Any CPU.ActiveCfg = Debug|Any CPU
		{0886E87E-4E7C-4592-A40E-6F400D6792BF}.Debug|Any CPU.Build.0 = Debug|Any CPU
		{0886E87E-4E7C-4592-A40E-6F400D6792BF}.Debug|x64.ActiveCfg = Debug|x64
		{0886E87E-4E7C-4592-A40E-6F400D6792BF}.Debug|x64.Build.0 = Debug|x64
		{0886E87E-4E7C-4592-A40E-6F400D6792BF}.Debug|x86.ActiveCfg = Debug|Any CPU
		{0886E87E-4E7C-4592-A40E-6F400D6792BF}.Debug|x86.Build.0 = Debug|Any CPU
		{0886E87E-4E7C-4592-A40E-6F400D6792BF}.Release|Any CPU.ActiveCfg = Release|Any CPU
		{0886E87E-4E7C-4592-A40E-6F400D6792BF}.Release|Any CPU.Build.0 = Release|Any CPU
		{0886E87E-4E7C-4592-A40E-6F400D6792BF}.Release|x64.ActiveCfg = Release|x64
		{0886E87E-4E7C-4592-A40E-6F400D6792BF}.Release|x64.Build.0 = Release|x64
		{0886E87E-4E7C-4592-A40E-6F400D6792BF}.Release|x86.ActiveCfg = Release|Any CPU
		{0886E87E-4E7C-4592-A40E-6F400D6792BF}.Release|x86.Build.0 = Release|Any CPU
		{CCD3E9FF-BDAC-4019-8956-852C2F7BC7C3}.Debug|Any CPU.ActiveCfg = Debug|Any CPU
		{CCD3E9FF-BDAC-4019-8956-852C2F7BC7C3}.Debug|Any CPU.Build.0 = Debug|Any CPU
		{CCD3E9FF-BDAC-4019-8956-852C2F7BC7C3}.Debug|x64.ActiveCfg = Debug|x64
		{CCD3E9FF-BDAC-4019-8956-852C2F7BC7C3}.Debug|x64.Build.0 = Debug|x64
		{CCD3E9FF-BDAC-4019-8956-852C2F7BC7C3}.Debug|x86.ActiveCfg = Debug|Any CPU
		{CCD3E9FF-BDAC-4019-8956-852C2F7BC7C3}.Debug|x86.Build.0 = Debug|Any CPU
		{CCD3E9FF-BDAC-4019-8956-852C2F7BC7C3}.Release|Any CPU.ActiveCfg = Release|Any CPU
		{CCD3E9FF-BDAC-4019-8956-852C2F7BC7C3}.Release|Any CPU.Build.0 = Release|Any CPU
		{CCD3E9FF-BDAC-4019-8956-852C2F7BC7C3}.Release|x64.ActiveCfg = Release|x64
		{CCD3E9FF-BDAC-4019-8956-852C2F7BC7C3}.Release|x64.Build.0 = Release|x64
		{CCD3E9FF-BDAC-4019-8956-852C2F7BC7C3}.Release|x86.ActiveCfg = Release|Any CPU
		{CCD3E9FF-BDAC-4019-8956-852C2F7BC7C3}.Release|x86.Build.0 = Release|Any CPU
		{FAA04514-68DD-44A0-97EA-F8383A993A15}.Debug|Any CPU.ActiveCfg = Debug|Any CPU
		{FAA04514-68DD-44A0-97EA-F8383A993A15}.Debug|Any CPU.Build.0 = Debug|Any CPU
		{FAA04514-68DD-44A0-97EA-F8383A993A15}.Debug|x64.ActiveCfg = Debug|x64
		{FAA04514-68DD-44A0-97EA-F8383A993A15}.Debug|x64.Build.0 = Debug|x64
		{FAA04514-68DD-44A0-97EA-F8383A993A15}.Debug|x86.ActiveCfg = Debug|Any CPU
		{FAA04514-68DD-44A0-97EA-F8383A993A15}.Debug|x86.Build.0 = Debug|Any CPU
		{FAA04514-68DD-44A0-97EA-F8383A993A15}.Release|Any CPU.ActiveCfg = Release|Any CPU
		{FAA04514-68DD-44A0-97EA-F8383A993A15}.Release|Any CPU.Build.0 = Release|Any CPU
		{FAA04514-68DD-44A0-97EA-F8383A993A15}.Release|x64.ActiveCfg = Release|x64
		{FAA04514-68DD-44A0-97EA-F8383A993A15}.Release|x64.Build.0 = Release|x64
		{FAA04514-68DD-44A0-97EA-F8383A993A15}.Release|x86.ActiveCfg = Release|Any CPU
		{FAA04514-68DD-44A0-97EA-F8383A993A15}.Release|x86.Build.0 = Release|Any CPU
		{10554420-26F2-4E6E-8692-C91631A4F885}.Debug|Any CPU.ActiveCfg = Debug|Any CPU
		{10554420-26F2-4E6E-8692-C91631A4F885}.Debug|Any CPU.Build.0 = Debug|Any CPU
		{10554420-26F2-4E6E-8692-C91631A4F885}.Debug|x64.ActiveCfg = Debug|x64
		{10554420-26F2-4E6E-8692-C91631A4F885}.Debug|x64.Build.0 = Debug|x64
		{10554420-26F2-4E6E-8692-C91631A4F885}.Debug|x86.ActiveCfg = Debug|Any CPU
		{10554420-26F2-4E6E-8692-C91631A4F885}.Debug|x86.Build.0 = Debug|Any CPU
		{10554420-26F2-4E6E-8692-C91631A4F885}.Release|Any CPU.ActiveCfg = Release|Any CPU
		{10554420-26F2-4E6E-8692-C91631A4F885}.Release|Any CPU.Build.0 = Release|Any CPU
		{10554420-26F2-4E6E-8692-C91631A4F885}.Release|x64.ActiveCfg = Release|Any CPU
		{10554420-26F2-4E6E-8692-C91631A4F885}.Release|x64.Build.0 = Release|Any CPU
		{10554420-26F2-4E6E-8692-C91631A4F885}.Release|x86.ActiveCfg = Release|Any CPU
		{10554420-26F2-4E6E-8692-C91631A4F885}.Release|x86.Build.0 = Release|Any CPU
		{DE1620DC-154A-48F8-B751-84C18BFABCE2}.Debug|Any CPU.ActiveCfg = Debug|Any CPU
		{DE1620DC-154A-48F8-B751-84C18BFABCE2}.Debug|Any CPU.Build.0 = Debug|Any CPU
		{DE1620DC-154A-48F8-B751-84C18BFABCE2}.Debug|x64.ActiveCfg = Debug|x64
		{DE1620DC-154A-48F8-B751-84C18BFABCE2}.Debug|x64.Build.0 = Debug|x64
		{DE1620DC-154A-48F8-B751-84C18BFABCE2}.Debug|x86.ActiveCfg = Debug|Any CPU
		{DE1620DC-154A-48F8-B751-84C18BFABCE2}.Debug|x86.Build.0 = Debug|Any CPU
		{DE1620DC-154A-48F8-B751-84C18BFABCE2}.Release|Any CPU.ActiveCfg = Release|Any CPU
		{DE1620DC-154A-48F8-B751-84C18BFABCE2}.Release|Any CPU.Build.0 = Release|Any CPU
		{DE1620DC-154A-48F8-B751-84C18BFABCE2}.Release|x64.ActiveCfg = Release|Any CPU
		{DE1620DC-154A-48F8-B751-84C18BFABCE2}.Release|x64.Build.0 = Release|Any CPU
		{DE1620DC-154A-48F8-B751-84C18BFABCE2}.Release|x86.ActiveCfg = Release|Any CPU
		{DE1620DC-154A-48F8-B751-84C18BFABCE2}.Release|x86.Build.0 = Release|Any CPU
		{FD96630B-F21F-4A89-86EF-D6803302774D}.Debug|Any CPU.ActiveCfg = Debug|Any CPU
		{FD96630B-F21F-4A89-86EF-D6803302774D}.Debug|Any CPU.Build.0 = Debug|Any CPU
		{FD96630B-F21F-4A89-86EF-D6803302774D}.Debug|x64.ActiveCfg = Debug|x64
		{FD96630B-F21F-4A89-86EF-D6803302774D}.Debug|x64.Build.0 = Debug|x64
		{FD96630B-F21F-4A89-86EF-D6803302774D}.Debug|x86.ActiveCfg = Debug|x86
		{FD96630B-F21F-4A89-86EF-D6803302774D}.Debug|x86.Build.0 = Debug|x86
		{FD96630B-F21F-4A89-86EF-D6803302774D}.Release|Any CPU.ActiveCfg = Release|Any CPU
		{FD96630B-F21F-4A89-86EF-D6803302774D}.Release|Any CPU.Build.0 = Release|Any CPU
		{FD96630B-F21F-4A89-86EF-D6803302774D}.Release|x64.ActiveCfg = Release|x64
		{FD96630B-F21F-4A89-86EF-D6803302774D}.Release|x64.Build.0 = Release|x64
		{FD96630B-F21F-4A89-86EF-D6803302774D}.Release|x86.ActiveCfg = Release|x86
		{FD96630B-F21F-4A89-86EF-D6803302774D}.Release|x86.Build.0 = Release|x86
		{AF457D67-56B9-4709-B0C2-68AC2CF6EA32}.Debug|Any CPU.ActiveCfg = Debug|Any CPU
		{AF457D67-56B9-4709-B0C2-68AC2CF6EA32}.Debug|Any CPU.Build.0 = Debug|Any CPU
		{AF457D67-56B9-4709-B0C2-68AC2CF6EA32}.Debug|x64.ActiveCfg = Debug|x64
		{AF457D67-56B9-4709-B0C2-68AC2CF6EA32}.Debug|x64.Build.0 = Debug|x64
		{AF457D67-56B9-4709-B0C2-68AC2CF6EA32}.Debug|x86.ActiveCfg = Debug|Any CPU
		{AF457D67-56B9-4709-B0C2-68AC2CF6EA32}.Debug|x86.Build.0 = Debug|Any CPU
		{AF457D67-56B9-4709-B0C2-68AC2CF6EA32}.Release|Any CPU.ActiveCfg = Release|Any CPU
		{AF457D67-56B9-4709-B0C2-68AC2CF6EA32}.Release|Any CPU.Build.0 = Release|Any CPU
		{AF457D67-56B9-4709-B0C2-68AC2CF6EA32}.Release|x64.ActiveCfg = Release|x64
		{AF457D67-56B9-4709-B0C2-68AC2CF6EA32}.Release|x64.Build.0 = Release|x64
		{AF457D67-56B9-4709-B0C2-68AC2CF6EA32}.Release|x86.ActiveCfg = Release|Any CPU
		{AF457D67-56B9-4709-B0C2-68AC2CF6EA32}.Release|x86.Build.0 = Release|Any CPU
		{DF1703F3-4411-40D9-92DB-B78BAB056DD4}.Debug|Any CPU.ActiveCfg = Debug|Any CPU
		{DF1703F3-4411-40D9-92DB-B78BAB056DD4}.Debug|Any CPU.Build.0 = Debug|Any CPU
		{DF1703F3-4411-40D9-92DB-B78BAB056DD4}.Debug|x64.ActiveCfg = Debug|x64
		{DF1703F3-4411-40D9-92DB-B78BAB056DD4}.Debug|x64.Build.0 = Debug|x64
		{DF1703F3-4411-40D9-92DB-B78BAB056DD4}.Debug|x86.ActiveCfg = Debug|Any CPU
		{DF1703F3-4411-40D9-92DB-B78BAB056DD4}.Debug|x86.Build.0 = Debug|Any CPU
		{DF1703F3-4411-40D9-92DB-B78BAB056DD4}.Release|Any CPU.ActiveCfg = Release|Any CPU
		{DF1703F3-4411-40D9-92DB-B78BAB056DD4}.Release|Any CPU.Build.0 = Release|Any CPU
		{DF1703F3-4411-40D9-92DB-B78BAB056DD4}.Release|x64.ActiveCfg = Release|x64
		{DF1703F3-4411-40D9-92DB-B78BAB056DD4}.Release|x64.Build.0 = Release|x64
		{DF1703F3-4411-40D9-92DB-B78BAB056DD4}.Release|x86.ActiveCfg = Release|Any CPU
		{DF1703F3-4411-40D9-92DB-B78BAB056DD4}.Release|x86.Build.0 = Release|Any CPU
		{95FE9E91-A609-482C-A07A-0028AEAB2937}.Debug|Any CPU.ActiveCfg = Debug|Any CPU
		{95FE9E91-A609-482C-A07A-0028AEAB2937}.Debug|Any CPU.Build.0 = Debug|Any CPU
		{95FE9E91-A609-482C-A07A-0028AEAB2937}.Debug|x64.ActiveCfg = Debug|x64
		{95FE9E91-A609-482C-A07A-0028AEAB2937}.Debug|x64.Build.0 = Debug|x64
		{95FE9E91-A609-482C-A07A-0028AEAB2937}.Debug|x86.ActiveCfg = Debug|Any CPU
		{95FE9E91-A609-482C-A07A-0028AEAB2937}.Debug|x86.Build.0 = Debug|Any CPU
		{95FE9E91-A609-482C-A07A-0028AEAB2937}.Release|Any CPU.ActiveCfg = Release|Any CPU
		{95FE9E91-A609-482C-A07A-0028AEAB2937}.Release|Any CPU.Build.0 = Release|Any CPU
		{95FE9E91-A609-482C-A07A-0028AEAB2937}.Release|x64.ActiveCfg = Release|x64
		{95FE9E91-A609-482C-A07A-0028AEAB2937}.Release|x64.Build.0 = Release|x64
		{95FE9E91-A609-482C-A07A-0028AEAB2937}.Release|x86.ActiveCfg = Release|Any CPU
		{95FE9E91-A609-482C-A07A-0028AEAB2937}.Release|x86.Build.0 = Release|Any CPU
		{BF70B9BB-CCC4-41AB-AE83-B14A3B6C5510}.Debug|Any CPU.ActiveCfg = Debug|Any CPU
		{BF70B9BB-CCC4-41AB-AE83-B14A3B6C5510}.Debug|Any CPU.Build.0 = Debug|Any CPU
		{BF70B9BB-CCC4-41AB-AE83-B14A3B6C5510}.Debug|x64.ActiveCfg = Debug|x64
		{BF70B9BB-CCC4-41AB-AE83-B14A3B6C5510}.Debug|x64.Build.0 = Debug|x64
		{BF70B9BB-CCC4-41AB-AE83-B14A3B6C5510}.Debug|x86.ActiveCfg = Debug|Any CPU
		{BF70B9BB-CCC4-41AB-AE83-B14A3B6C5510}.Debug|x86.Build.0 = Debug|Any CPU
		{BF70B9BB-CCC4-41AB-AE83-B14A3B6C5510}.Release|Any CPU.ActiveCfg = Release|Any CPU
		{BF70B9BB-CCC4-41AB-AE83-B14A3B6C5510}.Release|Any CPU.Build.0 = Release|Any CPU
		{BF70B9BB-CCC4-41AB-AE83-B14A3B6C5510}.Release|x64.ActiveCfg = Release|x64
		{BF70B9BB-CCC4-41AB-AE83-B14A3B6C5510}.Release|x64.Build.0 = Release|x64
		{BF70B9BB-CCC4-41AB-AE83-B14A3B6C5510}.Release|x86.ActiveCfg = Release|Any CPU
		{BF70B9BB-CCC4-41AB-AE83-B14A3B6C5510}.Release|x86.Build.0 = Release|Any CPU
		{F0AE80D6-5986-4B2F-9A1B-0C4A43B12C1B}.Debug|Any CPU.ActiveCfg = Debug|Any CPU
		{F0AE80D6-5986-4B2F-9A1B-0C4A43B12C1B}.Debug|Any CPU.Build.0 = Debug|Any CPU
		{F0AE80D6-5986-4B2F-9A1B-0C4A43B12C1B}.Debug|x64.ActiveCfg = Debug|x64
		{F0AE80D6-5986-4B2F-9A1B-0C4A43B12C1B}.Debug|x64.Build.0 = Debug|x64
		{F0AE80D6-5986-4B2F-9A1B-0C4A43B12C1B}.Debug|x86.ActiveCfg = Debug|Any CPU
		{F0AE80D6-5986-4B2F-9A1B-0C4A43B12C1B}.Debug|x86.Build.0 = Debug|Any CPU
		{F0AE80D6-5986-4B2F-9A1B-0C4A43B12C1B}.Release|Any CPU.ActiveCfg = Release|Any CPU
		{F0AE80D6-5986-4B2F-9A1B-0C4A43B12C1B}.Release|Any CPU.Build.0 = Release|Any CPU
		{F0AE80D6-5986-4B2F-9A1B-0C4A43B12C1B}.Release|x64.ActiveCfg = Release|x64
		{F0AE80D6-5986-4B2F-9A1B-0C4A43B12C1B}.Release|x64.Build.0 = Release|x64
		{F0AE80D6-5986-4B2F-9A1B-0C4A43B12C1B}.Release|x86.ActiveCfg = Release|Any CPU
		{F0AE80D6-5986-4B2F-9A1B-0C4A43B12C1B}.Release|x86.Build.0 = Release|Any CPU
		{B530D23C-C34C-4787-A380-2FA79552AFD4}.Debug|Any CPU.ActiveCfg = Debug|Any CPU
		{B530D23C-C34C-4787-A380-2FA79552AFD4}.Debug|Any CPU.Build.0 = Debug|Any CPU
		{B530D23C-C34C-4787-A380-2FA79552AFD4}.Debug|x64.ActiveCfg = Debug|x64
		{B530D23C-C34C-4787-A380-2FA79552AFD4}.Debug|x64.Build.0 = Debug|x64
		{B530D23C-C34C-4787-A380-2FA79552AFD4}.Debug|x86.ActiveCfg = Debug|Any CPU
		{B530D23C-C34C-4787-A380-2FA79552AFD4}.Debug|x86.Build.0 = Debug|Any CPU
		{B530D23C-C34C-4787-A380-2FA79552AFD4}.Release|Any CPU.ActiveCfg = Release|Any CPU
		{B530D23C-C34C-4787-A380-2FA79552AFD4}.Release|Any CPU.Build.0 = Release|Any CPU
		{B530D23C-C34C-4787-A380-2FA79552AFD4}.Release|x64.ActiveCfg = Release|x64
		{B530D23C-C34C-4787-A380-2FA79552AFD4}.Release|x64.Build.0 = Release|x64
		{B530D23C-C34C-4787-A380-2FA79552AFD4}.Release|x86.ActiveCfg = Release|Any CPU
		{B530D23C-C34C-4787-A380-2FA79552AFD4}.Release|x86.Build.0 = Release|Any CPU
		{A55323E3-2A19-48C9-9D43-0F0E09DFF6D8}.Debug|Any CPU.ActiveCfg = Debug|Any CPU
		{A55323E3-2A19-48C9-9D43-0F0E09DFF6D8}.Debug|Any CPU.Build.0 = Debug|Any CPU
		{A55323E3-2A19-48C9-9D43-0F0E09DFF6D8}.Debug|x64.ActiveCfg = Debug|x64
		{A55323E3-2A19-48C9-9D43-0F0E09DFF6D8}.Debug|x64.Build.0 = Debug|x64
		{A55323E3-2A19-48C9-9D43-0F0E09DFF6D8}.Debug|x86.ActiveCfg = Debug|Any CPU
		{A55323E3-2A19-48C9-9D43-0F0E09DFF6D8}.Debug|x86.Build.0 = Debug|Any CPU
		{A55323E3-2A19-48C9-9D43-0F0E09DFF6D8}.Release|Any CPU.ActiveCfg = Release|Any CPU
		{A55323E3-2A19-48C9-9D43-0F0E09DFF6D8}.Release|Any CPU.Build.0 = Release|Any CPU
		{A55323E3-2A19-48C9-9D43-0F0E09DFF6D8}.Release|x64.ActiveCfg = Release|x64
		{A55323E3-2A19-48C9-9D43-0F0E09DFF6D8}.Release|x64.Build.0 = Release|x64
		{A55323E3-2A19-48C9-9D43-0F0E09DFF6D8}.Release|x86.ActiveCfg = Release|Any CPU
		{A55323E3-2A19-48C9-9D43-0F0E09DFF6D8}.Release|x86.Build.0 = Release|Any CPU
		{B21C562D-C1F0-D026-6014-2B7F476A0D47}.Debug|Any CPU.ActiveCfg = Debug|Any CPU
		{B21C562D-C1F0-D026-6014-2B7F476A0D47}.Debug|Any CPU.Build.0 = Debug|Any CPU
		{B21C562D-C1F0-D026-6014-2B7F476A0D47}.Debug|x64.ActiveCfg = Debug|x64
		{B21C562D-C1F0-D026-6014-2B7F476A0D47}.Debug|x64.Build.0 = Debug|x64
		{B21C562D-C1F0-D026-6014-2B7F476A0D47}.Debug|x86.ActiveCfg = Debug|Any CPU
		{B21C562D-C1F0-D026-6014-2B7F476A0D47}.Debug|x86.Build.0 = Debug|Any CPU
		{B21C562D-C1F0-D026-6014-2B7F476A0D47}.Release|Any CPU.ActiveCfg = Release|Any CPU
		{B21C562D-C1F0-D026-6014-2B7F476A0D47}.Release|Any CPU.Build.0 = Release|Any CPU
		{B21C562D-C1F0-D026-6014-2B7F476A0D47}.Release|x64.ActiveCfg = Release|x64
		{B21C562D-C1F0-D026-6014-2B7F476A0D47}.Release|x64.Build.0 = Release|x64
		{B21C562D-C1F0-D026-6014-2B7F476A0D47}.Release|x86.ActiveCfg = Release|Any CPU
		{B21C562D-C1F0-D026-6014-2B7F476A0D47}.Release|x86.Build.0 = Release|Any CPU
		{53154C7F-24C8-9213-ADDD-7D187B8AE1FE}.Debug|Any CPU.ActiveCfg = Debug|Any CPU
		{53154C7F-24C8-9213-ADDD-7D187B8AE1FE}.Debug|Any CPU.Build.0 = Debug|Any CPU
		{53154C7F-24C8-9213-ADDD-7D187B8AE1FE}.Debug|x64.ActiveCfg = Debug|x64
		{53154C7F-24C8-9213-ADDD-7D187B8AE1FE}.Debug|x64.Build.0 = Debug|x64
		{53154C7F-24C8-9213-ADDD-7D187B8AE1FE}.Debug|x86.ActiveCfg = Debug|Any CPU
		{53154C7F-24C8-9213-ADDD-7D187B8AE1FE}.Debug|x86.Build.0 = Debug|Any CPU
		{53154C7F-24C8-9213-ADDD-7D187B8AE1FE}.Release|Any CPU.ActiveCfg = Release|Any CPU
		{53154C7F-24C8-9213-ADDD-7D187B8AE1FE}.Release|Any CPU.Build.0 = Release|Any CPU
		{53154C7F-24C8-9213-ADDD-7D187B8AE1FE}.Release|x64.ActiveCfg = Release|x64
		{53154C7F-24C8-9213-ADDD-7D187B8AE1FE}.Release|x64.Build.0 = Release|x64
		{53154C7F-24C8-9213-ADDD-7D187B8AE1FE}.Release|x86.ActiveCfg = Release|Any CPU
		{53154C7F-24C8-9213-ADDD-7D187B8AE1FE}.Release|x86.Build.0 = Release|Any CPU
		{B4FED8E0-0992-8E60-16A4-1DF1C7FD4EF3}.Debug|Any CPU.ActiveCfg = Debug|Any CPU
		{B4FED8E0-0992-8E60-16A4-1DF1C7FD4EF3}.Debug|Any CPU.Build.0 = Debug|Any CPU
		{B4FED8E0-0992-8E60-16A4-1DF1C7FD4EF3}.Debug|x64.ActiveCfg = Debug|x64
		{B4FED8E0-0992-8E60-16A4-1DF1C7FD4EF3}.Debug|x64.Build.0 = Debug|x64
		{B4FED8E0-0992-8E60-16A4-1DF1C7FD4EF3}.Debug|x86.ActiveCfg = Debug|Any CPU
		{B4FED8E0-0992-8E60-16A4-1DF1C7FD4EF3}.Debug|x86.Build.0 = Debug|Any CPU
		{B4FED8E0-0992-8E60-16A4-1DF1C7FD4EF3}.Release|Any CPU.ActiveCfg = Release|Any CPU
		{B4FED8E0-0992-8E60-16A4-1DF1C7FD4EF3}.Release|Any CPU.Build.0 = Release|Any CPU
		{B4FED8E0-0992-8E60-16A4-1DF1C7FD4EF3}.Release|x64.ActiveCfg = Release|x64
		{B4FED8E0-0992-8E60-16A4-1DF1C7FD4EF3}.Release|x64.Build.0 = Release|x64
		{B4FED8E0-0992-8E60-16A4-1DF1C7FD4EF3}.Release|x86.ActiveCfg = Release|Any CPU
		{B4FED8E0-0992-8E60-16A4-1DF1C7FD4EF3}.Release|x86.Build.0 = Release|Any CPU
		{28AACC4B-A2B5-90DC-4ED8-B1CA0DB426E0}.Debug|Any CPU.ActiveCfg = Debug|Any CPU
		{28AACC4B-A2B5-90DC-4ED8-B1CA0DB426E0}.Debug|Any CPU.Build.0 = Debug|Any CPU
		{28AACC4B-A2B5-90DC-4ED8-B1CA0DB426E0}.Debug|x64.ActiveCfg = Debug|x64
		{28AACC4B-A2B5-90DC-4ED8-B1CA0DB426E0}.Debug|x64.Build.0 = Debug|x64
		{28AACC4B-A2B5-90DC-4ED8-B1CA0DB426E0}.Debug|x86.ActiveCfg = Debug|Any CPU
		{28AACC4B-A2B5-90DC-4ED8-B1CA0DB426E0}.Debug|x86.Build.0 = Debug|Any CPU
		{28AACC4B-A2B5-90DC-4ED8-B1CA0DB426E0}.Release|Any CPU.ActiveCfg = Release|Any CPU
		{28AACC4B-A2B5-90DC-4ED8-B1CA0DB426E0}.Release|Any CPU.Build.0 = Release|Any CPU
		{28AACC4B-A2B5-90DC-4ED8-B1CA0DB426E0}.Release|x64.ActiveCfg = Release|x64
		{28AACC4B-A2B5-90DC-4ED8-B1CA0DB426E0}.Release|x64.Build.0 = Release|x64
		{28AACC4B-A2B5-90DC-4ED8-B1CA0DB426E0}.Release|x86.ActiveCfg = Release|Any CPU
		{28AACC4B-A2B5-90DC-4ED8-B1CA0DB426E0}.Release|x86.Build.0 = Release|Any CPU
		{F56FEA69-348E-654A-94E3-CD3FC228FED7}.Debug|Any CPU.ActiveCfg = Debug|Any CPU
		{F56FEA69-348E-654A-94E3-CD3FC228FED7}.Debug|Any CPU.Build.0 = Debug|Any CPU
		{F56FEA69-348E-654A-94E3-CD3FC228FED7}.Debug|x64.ActiveCfg = Debug|x64
		{F56FEA69-348E-654A-94E3-CD3FC228FED7}.Debug|x64.Build.0 = Debug|x64
		{F56FEA69-348E-654A-94E3-CD3FC228FED7}.Debug|x86.ActiveCfg = Debug|Any CPU
		{F56FEA69-348E-654A-94E3-CD3FC228FED7}.Debug|x86.Build.0 = Debug|Any CPU
		{F56FEA69-348E-654A-94E3-CD3FC228FED7}.Release|Any CPU.ActiveCfg = Release|Any CPU
		{F56FEA69-348E-654A-94E3-CD3FC228FED7}.Release|Any CPU.Build.0 = Release|Any CPU
		{F56FEA69-348E-654A-94E3-CD3FC228FED7}.Release|x64.ActiveCfg = Release|x64
		{F56FEA69-348E-654A-94E3-CD3FC228FED7}.Release|x64.Build.0 = Release|x64
		{F56FEA69-348E-654A-94E3-CD3FC228FED7}.Release|x86.ActiveCfg = Release|Any CPU
		{F56FEA69-348E-654A-94E3-CD3FC228FED7}.Release|x86.Build.0 = Release|Any CPU
		{B79842CA-264F-51AB-7446-CDB813466DD6}.Debug|Any CPU.ActiveCfg = Debug|Any CPU
		{B79842CA-264F-51AB-7446-CDB813466DD6}.Debug|Any CPU.Build.0 = Debug|Any CPU
		{B79842CA-264F-51AB-7446-CDB813466DD6}.Debug|x64.ActiveCfg = Debug|x64
		{B79842CA-264F-51AB-7446-CDB813466DD6}.Debug|x64.Build.0 = Debug|x64
		{B79842CA-264F-51AB-7446-CDB813466DD6}.Debug|x86.ActiveCfg = Debug|Any CPU
		{B79842CA-264F-51AB-7446-CDB813466DD6}.Debug|x86.Build.0 = Debug|Any CPU
		{B79842CA-264F-51AB-7446-CDB813466DD6}.Release|Any CPU.ActiveCfg = Release|Any CPU
		{B79842CA-264F-51AB-7446-CDB813466DD6}.Release|Any CPU.Build.0 = Release|Any CPU
		{B79842CA-264F-51AB-7446-CDB813466DD6}.Release|x64.ActiveCfg = Release|x64
		{B79842CA-264F-51AB-7446-CDB813466DD6}.Release|x64.Build.0 = Release|x64
		{B79842CA-264F-51AB-7446-CDB813466DD6}.Release|x86.ActiveCfg = Release|Any CPU
		{B79842CA-264F-51AB-7446-CDB813466DD6}.Release|x86.Build.0 = Release|Any CPU
		{7EE21D26-94A7-66B3-C870-F6C327219236}.Debug|Any CPU.ActiveCfg = Debug|Any CPU
		{7EE21D26-94A7-66B3-C870-F6C327219236}.Debug|Any CPU.Build.0 = Debug|Any CPU
		{7EE21D26-94A7-66B3-C870-F6C327219236}.Debug|x64.ActiveCfg = Debug|x64
		{7EE21D26-94A7-66B3-C870-F6C327219236}.Debug|x64.Build.0 = Debug|x64
		{7EE21D26-94A7-66B3-C870-F6C327219236}.Debug|x86.ActiveCfg = Debug|Any CPU
		{7EE21D26-94A7-66B3-C870-F6C327219236}.Debug|x86.Build.0 = Debug|Any CPU
		{7EE21D26-94A7-66B3-C870-F6C327219236}.Release|Any CPU.ActiveCfg = Release|Any CPU
		{7EE21D26-94A7-66B3-C870-F6C327219236}.Release|Any CPU.Build.0 = Release|Any CPU
		{7EE21D26-94A7-66B3-C870-F6C327219236}.Release|x64.ActiveCfg = Release|x64
		{7EE21D26-94A7-66B3-C870-F6C327219236}.Release|x64.Build.0 = Release|x64
		{7EE21D26-94A7-66B3-C870-F6C327219236}.Release|x86.ActiveCfg = Release|Any CPU
		{7EE21D26-94A7-66B3-C870-F6C327219236}.Release|x86.Build.0 = Release|Any CPU
		{5BD7D234-88AE-89D0-E79F-2780A790DF03}.Debug|Any CPU.ActiveCfg = Debug|Any CPU
		{5BD7D234-88AE-89D0-E79F-2780A790DF03}.Debug|Any CPU.Build.0 = Debug|Any CPU
		{5BD7D234-88AE-89D0-E79F-2780A790DF03}.Debug|x64.ActiveCfg = Debug|x64
		{5BD7D234-88AE-89D0-E79F-2780A790DF03}.Debug|x64.Build.0 = Debug|x64
		{5BD7D234-88AE-89D0-E79F-2780A790DF03}.Debug|x86.ActiveCfg = Debug|Any CPU
		{5BD7D234-88AE-89D0-E79F-2780A790DF03}.Debug|x86.Build.0 = Debug|Any CPU
		{5BD7D234-88AE-89D0-E79F-2780A790DF03}.Release|Any CPU.ActiveCfg = Release|Any CPU
		{5BD7D234-88AE-89D0-E79F-2780A790DF03}.Release|Any CPU.Build.0 = Release|Any CPU
		{5BD7D234-88AE-89D0-E79F-2780A790DF03}.Release|x64.ActiveCfg = Release|x64
		{5BD7D234-88AE-89D0-E79F-2780A790DF03}.Release|x64.Build.0 = Release|x64
		{5BD7D234-88AE-89D0-E79F-2780A790DF03}.Release|x86.ActiveCfg = Release|Any CPU
		{5BD7D234-88AE-89D0-E79F-2780A790DF03}.Release|x86.Build.0 = Release|Any CPU
		{18AB6DCC-3013-5EA1-3AE9-891DC539CEED}.Debug|Any CPU.ActiveCfg = Debug|Any CPU
		{18AB6DCC-3013-5EA1-3AE9-891DC539CEED}.Debug|Any CPU.Build.0 = Debug|Any CPU
		{18AB6DCC-3013-5EA1-3AE9-891DC539CEED}.Debug|x64.ActiveCfg = Debug|x64
		{18AB6DCC-3013-5EA1-3AE9-891DC539CEED}.Debug|x64.Build.0 = Debug|x64
		{18AB6DCC-3013-5EA1-3AE9-891DC539CEED}.Debug|x86.ActiveCfg = Debug|Any CPU
		{18AB6DCC-3013-5EA1-3AE9-891DC539CEED}.Debug|x86.Build.0 = Debug|Any CPU
		{18AB6DCC-3013-5EA1-3AE9-891DC539CEED}.Release|Any CPU.ActiveCfg = Release|Any CPU
		{18AB6DCC-3013-5EA1-3AE9-891DC539CEED}.Release|Any CPU.Build.0 = Release|Any CPU
		{18AB6DCC-3013-5EA1-3AE9-891DC539CEED}.Release|x64.ActiveCfg = Release|x64
		{18AB6DCC-3013-5EA1-3AE9-891DC539CEED}.Release|x64.Build.0 = Release|x64
		{18AB6DCC-3013-5EA1-3AE9-891DC539CEED}.Release|x86.ActiveCfg = Release|Any CPU
		{18AB6DCC-3013-5EA1-3AE9-891DC539CEED}.Release|x86.Build.0 = Release|Any CPU
		{3E2A8420-BD66-4A50-A595-67E31DA93776}.Debug|Any CPU.ActiveCfg = Debug|Any CPU
		{3E2A8420-BD66-4A50-A595-67E31DA93776}.Debug|Any CPU.Build.0 = Debug|Any CPU
		{3E2A8420-BD66-4A50-A595-67E31DA93776}.Debug|x64.ActiveCfg = Debug|Any CPU
		{3E2A8420-BD66-4A50-A595-67E31DA93776}.Debug|x64.Build.0 = Debug|Any CPU
		{3E2A8420-BD66-4A50-A595-67E31DA93776}.Debug|x86.ActiveCfg = Debug|Any CPU
		{3E2A8420-BD66-4A50-A595-67E31DA93776}.Debug|x86.Build.0 = Debug|Any CPU
		{3E2A8420-BD66-4A50-A595-67E31DA93776}.Release|Any CPU.ActiveCfg = Release|Any CPU
		{3E2A8420-BD66-4A50-A595-67E31DA93776}.Release|Any CPU.Build.0 = Release|Any CPU
		{3E2A8420-BD66-4A50-A595-67E31DA93776}.Release|x64.ActiveCfg = Release|Any CPU
		{3E2A8420-BD66-4A50-A595-67E31DA93776}.Release|x64.Build.0 = Release|Any CPU
		{3E2A8420-BD66-4A50-A595-67E31DA93776}.Release|x86.ActiveCfg = Release|Any CPU
		{3E2A8420-BD66-4A50-A595-67E31DA93776}.Release|x86.Build.0 = Release|Any CPU
	EndGlobalSection
	GlobalSection(SolutionProperties) = preSolution
		HideSolutionNode = FALSE
	EndGlobalSection
	GlobalSection(ExtensibilityGlobals) = postSolution
		SolutionGuid = {AE2FF615-BEBF-4B12-A58F-205FBD241C0F}
	EndGlobalSection
EndGlobal
