
Microsoft Visual Studio Solution File, Format Version 12.00
# Visual Studio Version 17
VisualStudioVersion = 17.11.35005.142
MinimumVisualStudioVersion = 10.0.40219.1
Project("{9A19103F-16F7-4668-BE54-9A1E7A4F7556}") = "OleksaScrSvr.Contract", "OleksaScrSvr.Contract\OleksaScrSvr.Contract.csproj", "{50E3ACE4-1FA1-4744-A164-017149C24894}"
EndProject
Project("{9A19103F-16F7-4668-BE54-9A1E7A4F7556}") = "OleksaScrSvr.VM", "OleksaScrSvr.VM\OleksaScrSvr.VM.csproj", "{1704799B-EF80-4064-AA24-0A38B360179B}"
EndProject
Global
	GlobalSection(SolutionConfigurationPlatforms) = preSolution
		Debug|Any CPU = Debug|Any CPU
		Debug|x64 = Debug|x64
		Release|Any CPU = Release|Any CPU
		Release|x64 = Release|x64
	EndGlobalSection
	GlobalSection(ProjectConfigurationPlatforms) = postSolution
		{50E3ACE4-1FA1-4744-A164-017149C24894}.Debug|Any CPU.ActiveCfg = Debug|Any CPU
		{50E3ACE4-1FA1-4744-A164-017149C24894}.Debug|Any CPU.Build.0 = Debug|Any CPU
		{50E3ACE4-1FA1-4744-A164-017149C24894}.Debug|x64.ActiveCfg = Debug|x64
		{50E3ACE4-1FA1-4744-A164-017149C24894}.Debug|x64.Build.0 = Debug|x64
		{50E3ACE4-1FA1-4744-A164-017149C24894}.Release|Any CPU.ActiveCfg = Release|Any CPU
		{50E3ACE4-1FA1-4744-A164-017149C24894}.Release|Any CPU.Build.0 = Release|Any CPU
		{50E3ACE4-1FA1-4744-A164-017149C24894}.Release|x64.ActiveCfg = Release|x64
		{50E3ACE4-1FA1-4744-A164-017149C24894}.Release|x64.Build.0 = Release|x64
		{1704799B-EF80-4064-AA24-0A38B360179B}.Debug|Any CPU.ActiveCfg = Debug|Any CPU
		{1704799B-EF80-4064-AA24-0A38B360179B}.Debug|Any CPU.Build.0 = Debug|Any CPU
		{1704799B-EF80-4064-AA24-0A38B360179B}.Debug|x64.ActiveCfg = Debug|x64
		{1704799B-EF80-4064-AA24-0A38B360179B}.Debug|x64.Build.0 = Debug|x64
		{1704799B-EF80-4064-AA24-0A38B360179B}.Release|Any CPU.ActiveCfg = Release|Any CPU
		{1704799B-EF80-4064-AA24-0A38B360179B}.Release|Any CPU.Build.0 = Release|Any CPU
		{1704799B-EF80-4064-AA24-0A38B360179B}.Release|x64.ActiveCfg = Release|x64
		{1704799B-EF80-4064-AA24-0A38B360179B}.Release|x64.Build.0 = Release|x64
	EndGlobalSection
	GlobalSection(SolutionProperties) = preSolution
		HideSolutionNode = FALSE
	EndGlobalSection
	GlobalSection(ExtensibilityGlobals) = postSolution
		SolutionGuid = {AE2FF615-BEBF-4B12-A58F-205FBD241C0F}
	EndGlobalSection
EndGlobal
